{
  "version": 4,
  "terraform_version": "0.12.29",
  "serial": 77,
  "lineage": "0f1dcc31-8925-bca5-42a7-6b7d9fd71739",
  "outputs": {},
  "resources": [
    {
      "module": "module.develop_pipeline",
      "mode": "data",
      "type": "aws_caller_identity",
      "name": "code",
      "provider": "provider.aws.code_primary",
      "instances": [
        {
          "schema_version": 0,
          "attributes": {
            "account_id": "522857095635",
            "arn": "arn:aws:sts::522857095635:assumed-role/aue1c1z1irobuildsecurityprovisioning/1607004118484004800",
            "id": "522857095635",
            "user_id": "AROAXTPFWEHJRBKOWWTW7:1607004118484004800"
          }
        }
      ]
    },
    {
      "module": "module.release_pipeline",
      "mode": "data",
      "type": "aws_caller_identity",
      "name": "code",
      "provider": "provider.aws.code_primary",
      "instances": [
        {
          "schema_version": 0,
          "attributes": {
            "account_id": "522857095635",
            "arn": "arn:aws:sts::522857095635:assumed-role/aue1c1z1irobuildsecurityprovisioning/1607004118484004800",
            "id": "522857095635",
            "user_id": "AROAXTPFWEHJRBKOWWTW7:1607004118484004800"
          }
        }
      ]
    },
    {
      "module": "module.primary_bucket",
      "mode": "data",
      "type": "aws_caller_identity",
      "name": "current",
      "provider": "provider.aws.code_primary",
      "instances": [
        {
          "schema_version": 0,
          "attributes": {
            "account_id": "522857095635",
            "arn": "arn:aws:sts::522857095635:assumed-role/aue1c1z1irobuildsecurityprovisioning/1607004118484004800",
            "id": "522857095635",
            "user_id": "AROAXTPFWEHJRBKOWWTW7:1607004118484004800"
          }
        }
      ]
    },
    {
      "module": "module.secondary_bucket",
      "mode": "data",
      "type": "aws_caller_identity",
      "name": "current",
      "provider": "provider.aws.code_secondary",
      "instances": [
        {
          "schema_version": 0,
          "attributes": {
            "account_id": "522857095635",
            "arn": "arn:aws:sts::522857095635:assumed-role/aue1c1z1irobuildsecurityprovisioning/1607004118439124100",
            "id": "522857095635",
            "user_id": "AROAXTPFWEHJRBKOWWTW7:1607004118439124100"
          }
        }
      ]
    },
    {
      "module": "module.develop_pipeline",
      "mode": "data",
      "type": "aws_caller_identity",
      "name": "primary",
      "provider": "provider.aws.dev_primary",
      "instances": [
        {
          "schema_version": 0,
          "attributes": {
            "account_id": "714767054201",
            "arn": "arn:aws:sts::714767054201:assumed-role/aue1p1z1irosecuritydevenvadmin/1607004118475035300",
            "id": "714767054201",
            "user_id": "AROA2M23PWV4R53VFH5WL:1607004118475035300"
          }
        }
      ]
    },
    {
      "module": "module.release_pipeline",
      "mode": "data",
      "type": "aws_caller_identity",
      "name": "production_primary",
      "provider": "provider.aws.prd_primary",
      "instances": [
        {
          "schema_version": 0,
          "attributes": {
            "account_id": "717545809501",
            "arn": "arn:aws:sts::717545809501:assumed-role/aue1p1z1irobuildsecurityprovisioning/1607004118462062600",
            "id": "717545809501",
            "user_id": "AROA2OEIQEZO6GPKSNRCA:1607004118462062600"
          }
        }
      ]
    },
    {
      "module": "module.release_pipeline",
      "mode": "data",
      "type": "aws_caller_identity",
      "name": "production_secondary",
      "provider": "provider.aws.prd_secondary",
      "instances": [
        {
          "schema_version": 0,
          "attributes": {
            "account_id": "717545809501",
            "arn": "arn:aws:sts::717545809501:assumed-role/aue1p1z1irobuildsecurityprovisioning/1607004118469044500",
            "id": "717545809501",
            "user_id": "AROA2OEIQEZO6GPKSNRCA:1607004118469044500"
          }
        }
      ]
    },
    {
      "module": "module.develop_pipeline",
      "mode": "data",
      "type": "aws_caller_identity",
      "name": "secondary",
      "provider": "provider.aws.dev_secondary",
      "instances": [
        {
          "schema_version": 0,
          "attributes": {
            "account_id": "714767054201",
            "arn": "arn:aws:sts::714767054201:assumed-role/aue1p1z1irosecuritydevenvadmin/1607004118488991400",
            "id": "714767054201",
            "user_id": "AROA2M23PWV4R53VFH5WL:1607004118488991400"
          }
        }
      ]
    },
    {
      "module": "module.release_pipeline",
      "mode": "data",
      "type": "aws_caller_identity",
      "name": "test_primary",
      "provider": "provider.aws.tst_primary",
      "instances": [
        {
          "schema_version": 0,
          "attributes": {
            "account_id": "607145767122",
            "arn": "arn:aws:sts::607145767122:assumed-role/aue1t1z1irobuildsecurityprovisioning/1607004118491983600",
            "id": "607145767122",
            "user_id": "AROAY2XFVGDJHUY3X446S:1607004118491983600"
          }
        }
      ]
    },
    {
      "module": "module.release_pipeline",
      "mode": "data",
      "type": "aws_caller_identity",
      "name": "test_secondary",
      "provider": "provider.aws.tst_secondary",
      "instances": [
        {
          "schema_version": 0,
          "attributes": {
            "account_id": "607145767122",
            "arn": "arn:aws:sts::607145767122:assumed-role/aue1t1z1irobuildsecurityprovisioning/1607004118449096900",
            "id": "607145767122",
            "user_id": "AROAY2XFVGDJHUY3X446S:1607004118449096900"
          }
        }
      ]
    },
    {
      "module": "module.develop_pipeline",
      "mode": "data",
      "type": "aws_iam_policy_document",
      "name": "assume_cbd_role",
      "provider": "provider.aws",
      "instances": [
        {
          "schema_version": 0,
          "attributes": {
            "id": "442947395",
            "json": "{\n  \"Version\": \"2012-10-17\",\n  \"Statement\": [\n    {\n      \"Sid\": \"\",\n      \"Effect\": \"Allow\",\n      \"Action\": \"sts:AssumeRole\",\n      \"Principal\": {\n        \"Service\": \"codebuild.amazonaws.com\"\n      }\n    }\n  ]\n}",
            "override_json": null,
            "policy_id": null,
            "source_json": null,
            "statement": [
              {
                "actions": [
                  "sts:AssumeRole"
                ],
                "condition": [],
                "effect": "Allow",
                "not_actions": [],
                "not_principals": [],
                "not_resources": [],
                "principals": [
                  {
                    "identifiers": [
                      "codebuild.amazonaws.com"
                    ],
                    "type": "Service"
                  }
                ],
                "resources": [],
                "sid": ""
              }
            ],
            "version": "2012-10-17"
          }
        }
      ]
    },
    {
      "module": "module.release_pipeline",
      "mode": "data",
      "type": "aws_iam_policy_document",
      "name": "assume_cbd_role",
      "provider": "provider.aws",
      "instances": [
        {
          "schema_version": 0,
          "attributes": {
            "id": "442947395",
            "json": "{\n  \"Version\": \"2012-10-17\",\n  \"Statement\": [\n    {\n      \"Sid\": \"\",\n      \"Effect\": \"Allow\",\n      \"Action\": \"sts:AssumeRole\",\n      \"Principal\": {\n        \"Service\": \"codebuild.amazonaws.com\"\n      }\n    }\n  ]\n}",
            "override_json": null,
            "policy_id": null,
            "source_json": null,
            "statement": [
              {
                "actions": [
                  "sts:AssumeRole"
                ],
                "condition": [],
                "effect": "Allow",
                "not_actions": [],
                "not_principals": [],
                "not_resources": [],
                "principals": [
                  {
                    "identifiers": [
                      "codebuild.amazonaws.com"
                    ],
                    "type": "Service"
                  }
                ],
                "resources": [],
                "sid": ""
              }
            ],
            "version": "2012-10-17"
          }
        }
      ]
    },
    {
      "module": "module.develop_pipeline",
      "mode": "data",
      "type": "aws_iam_policy_document",
      "name": "assume_cpl_role",
      "provider": "provider.aws",
      "instances": [
        {
          "schema_version": 0,
          "attributes": {
            "id": "382154967",
            "json": "{\n  \"Version\": \"2012-10-17\",\n  \"Statement\": [\n    {\n      \"Sid\": \"\",\n      \"Effect\": \"Allow\",\n      \"Action\": \"sts:AssumeRole\",\n      \"Principal\": {\n        \"Service\": \"codepipeline.amazonaws.com\"\n      }\n    }\n  ]\n}",
            "override_json": null,
            "policy_id": null,
            "source_json": null,
            "statement": [
              {
                "actions": [
                  "sts:AssumeRole"
                ],
                "condition": [],
                "effect": "Allow",
                "not_actions": [],
                "not_principals": [],
                "not_resources": [],
                "principals": [
                  {
                    "identifiers": [
                      "codepipeline.amazonaws.com"
                    ],
                    "type": "Service"
                  }
                ],
                "resources": [],
                "sid": ""
              }
            ],
            "version": "2012-10-17"
          }
        }
      ]
    },
    {
      "module": "module.release_pipeline",
      "mode": "data",
      "type": "aws_iam_policy_document",
      "name": "assume_cpl_role",
      "provider": "provider.aws",
      "instances": [
        {
          "schema_version": 0,
          "attributes": {
            "id": "382154967",
            "json": "{\n  \"Version\": \"2012-10-17\",\n  \"Statement\": [\n    {\n      \"Sid\": \"\",\n      \"Effect\": \"Allow\",\n      \"Action\": \"sts:AssumeRole\",\n      \"Principal\": {\n        \"Service\": \"codepipeline.amazonaws.com\"\n      }\n    }\n  ]\n}",
            "override_json": null,
            "policy_id": null,
            "source_json": null,
            "statement": [
              {
                "actions": [
                  "sts:AssumeRole"
                ],
                "condition": [],
                "effect": "Allow",
                "not_actions": [],
                "not_principals": [],
                "not_resources": [],
                "principals": [
                  {
                    "identifiers": [
                      "codepipeline.amazonaws.com"
                    ],
                    "type": "Service"
                  }
                ],
                "resources": [],
                "sid": ""
              }
            ],
            "version": "2012-10-17"
          }
        }
      ]
    },
    {
      "module": "module.develop_pipeline",
      "mode": "data",
      "type": "aws_iam_policy_document",
      "name": "cbd_build",
      "provider": "provider.aws.code_primary",
      "instances": [
        {
          "schema_version": 0,
          "attributes": {
            "id": "3287452033",
            "json": "{\n  \"Version\": \"2012-10-17\",\n  \"Statement\": [\n    {\n      \"Sid\": \"\",\n      \"Effect\": \"Allow\",\n      \"Action\": [\n        \"logs:PutLogEvents\",\n        \"logs:CreateLogStream\",\n        \"logs:CreateLogGroup\",\n        \"ec2:DescribeVpcs\",\n        \"ec2:DescribeSubnets\",\n        \"ec2:DescribeSecurityGroups\",\n        \"ec2:DescribeNetworkInterfaces\",\n        \"ec2:DescribeDhcpOptions\",\n        \"ec2:DeleteNetworkInterface\",\n        \"ec2:CreateNetworkInterfacePermission\",\n        \"ec2:CreateNetworkInterface\"\n      ],\n      \"Resource\": \"*\"\n    },\n    {\n      \"Sid\": \"\",\n      \"Effect\": \"Allow\",\n      \"Action\": \"s3:*\",\n      \"Resource\": [\n        \"arn:aws:s3:::auw2c1z1s3bclientnotificationsjob/*\",\n        \"arn:aws:s3:::auw2c1z1s3bclientnotificationsjob\",\n        \"arn:aws:s3:::aue1c1z1s3bclientnotificationsjob/*\",\n        \"arn:aws:s3:::aue1c1z1s3bclientnotificationsjob\"\n      ]\n    },\n    {\n      \"Sid\": \"\",\n      \"Effect\": \"Allow\",\n      \"Action\": [\n        \"kms:ReEncrypt*\",\n        \"kms:GenerateDataKey*\",\n        \"kms:DescribeKey\",\n        \"kms:Decrypt\"\n      ],\n      \"Resource\": \"arn:aws:kms:*:522857095635:key/*\"\n    },\n    {\n      \"Sid\": \"\",\n      \"Effect\": \"Allow\",\n      \"Action\": [\n        \"ssm:GetParametersByPath\",\n        \"ssm:GetParameters\",\n        \"ssm:GetParameter\"\n      ],\n      \"Resource\": [\n        \"arn:aws:ssm:*:522857095635:parameter/secure/aue1/c1/codebuild/*\",\n        \"arn:aws:ssm:*:522857095635:parameter/*\"\n      ]\n    },\n    {\n      \"Sid\": \"\",\n      \"Effect\": \"Allow\",\n      \"Action\": \"ssm:PutParameter\",\n      \"Resource\": \"arn:aws:ssm:*:522857095635:parameter/parameter/aue1/c1/codebuild/lms_build_sequence\"\n    },\n    {\n      \"Sid\": \"\",\n      \"Effect\": \"Allow\",\n      \"Action\": [\n        \"codebuild:UpdateReport\",\n        \"codebuild:CreateReportGroup\",\n        \"codebuild:CreateReport\",\n        \"codebuild:BatchPutTestCases\"\n      ],\n      \"Resource\": \"arn:aws:codebuild:*:522857095635:report-group/aue1c1z1cbdclientnotificationsjobdevelopbuild*\"\n    }\n  ]\n}",
            "override_json": null,
            "policy_id": null,
            "source_json": null,
            "statement": [
              {
                "actions": [
                  "ec2:CreateNetworkInterface",
                  "ec2:CreateNetworkInterfacePermission",
                  "ec2:DeleteNetworkInterface",
                  "ec2:DescribeDhcpOptions",
                  "ec2:DescribeNetworkInterfaces",
                  "ec2:DescribeSecurityGroups",
                  "ec2:DescribeSubnets",
                  "ec2:DescribeVpcs",
                  "logs:CreateLogGroup",
                  "logs:CreateLogStream",
                  "logs:PutLogEvents"
                ],
                "condition": [],
                "effect": "Allow",
                "not_actions": [],
                "not_principals": [],
                "not_resources": [],
                "principals": [],
                "resources": [
                  "*"
                ],
                "sid": ""
              },
              {
                "actions": [
                  "s3:*"
                ],
                "condition": [],
                "effect": "Allow",
                "not_actions": [],
                "not_principals": [],
                "not_resources": [],
                "principals": [],
                "resources": [
                  "arn:aws:s3:::aue1c1z1s3bclientnotificationsjob",
                  "arn:aws:s3:::aue1c1z1s3bclientnotificationsjob/*",
                  "arn:aws:s3:::auw2c1z1s3bclientnotificationsjob",
                  "arn:aws:s3:::auw2c1z1s3bclientnotificationsjob/*"
                ],
                "sid": ""
              },
              {
                "actions": [
                  "kms:Decrypt",
                  "kms:DescribeKey",
                  "kms:GenerateDataKey*",
                  "kms:ReEncrypt*"
                ],
                "condition": [],
                "effect": "Allow",
                "not_actions": [],
                "not_principals": [],
                "not_resources": [],
                "principals": [],
                "resources": [
                  "arn:aws:kms:*:522857095635:key/*"
                ],
                "sid": ""
              },
              {
                "actions": [
                  "ssm:GetParameter",
                  "ssm:GetParameters",
                  "ssm:GetParametersByPath"
                ],
                "condition": [],
                "effect": "Allow",
                "not_actions": [],
                "not_principals": [],
                "not_resources": [],
                "principals": [],
                "resources": [
                  "arn:aws:ssm:*:522857095635:parameter/*",
                  "arn:aws:ssm:*:522857095635:parameter/secure/aue1/c1/codebuild/*"
                ],
                "sid": ""
              },
              {
                "actions": [
                  "ssm:PutParameter"
                ],
                "condition": [],
                "effect": "Allow",
                "not_actions": [],
                "not_principals": [],
                "not_resources": [],
                "principals": [],
                "resources": [
                  "arn:aws:ssm:*:522857095635:parameter/parameter/aue1/c1/codebuild/lms_build_sequence"
                ],
                "sid": ""
              },
              {
                "actions": [
                  "codebuild:BatchPutTestCases",
                  "codebuild:CreateReport",
                  "codebuild:CreateReportGroup",
                  "codebuild:UpdateReport"
                ],
                "condition": [],
                "effect": "Allow",
                "not_actions": [],
                "not_principals": [],
                "not_resources": [],
                "principals": [],
                "resources": [
                  "arn:aws:codebuild:*:522857095635:report-group/aue1c1z1cbdclientnotificationsjobdevelopbuild*"
                ],
                "sid": ""
              }
            ],
            "version": "2012-10-17"
          }
        }
      ]
    },
    {
      "module": "module.release_pipeline",
      "mode": "data",
      "type": "aws_iam_policy_document",
      "name": "cbd_build",
      "provider": "provider.aws.code_primary",
      "instances": [
        {
          "schema_version": 0,
          "attributes": {
            "id": "1732916511",
            "json": "{\n  \"Version\": \"2012-10-17\",\n  \"Statement\": [\n    {\n      \"Sid\": \"\",\n      \"Effect\": \"Allow\",\n      \"Action\": [\n        \"logs:PutLogEvents\",\n        \"logs:CreateLogStream\",\n        \"logs:CreateLogGroup\",\n        \"ec2:DescribeVpcs\",\n        \"ec2:DescribeSubnets\",\n        \"ec2:DescribeSecurityGroups\",\n        \"ec2:DescribeNetworkInterfaces\",\n        \"ec2:DescribeDhcpOptions\",\n        \"ec2:DeleteNetworkInterface\",\n        \"ec2:CreateNetworkInterfacePermission\",\n        \"ec2:CreateNetworkInterface\"\n      ],\n      \"Resource\": \"*\"\n    },\n    {\n      \"Sid\": \"\",\n      \"Effect\": \"Allow\",\n      \"Action\": \"s3:*\",\n      \"Resource\": [\n        \"arn:aws:s3:::auw2c1z1s3bclientnotificationsjob/*\",\n        \"arn:aws:s3:::auw2c1z1s3bclientnotificationsjob\",\n        \"arn:aws:s3:::aue1c1z1s3bclientnotificationsjob/*\",\n        \"arn:aws:s3:::aue1c1z1s3bclientnotificationsjob\"\n      ]\n    },\n    {\n      \"Sid\": \"\",\n      \"Effect\": \"Allow\",\n      \"Action\": [\n        \"kms:ReEncrypt*\",\n        \"kms:GenerateDataKey*\",\n        \"kms:DescribeKey\",\n        \"kms:Decrypt\"\n      ],\n      \"Resource\": \"arn:aws:kms:*:522857095635:key/*\"\n    },\n    {\n      \"Sid\": \"\",\n      \"Effect\": \"Allow\",\n      \"Action\": [\n        \"ssm:GetParametersByPath\",\n        \"ssm:GetParameters\",\n        \"ssm:GetParameter\"\n      ],\n      \"Resource\": [\n        \"arn:aws:ssm:*:522857095635:parameter/secure/aue1/c1/codebuild/*\",\n        \"arn:aws:ssm:*:522857095635:parameter/*\"\n      ]\n    },\n    {\n      \"Sid\": \"\",\n      \"Effect\": \"Allow\",\n      \"Action\": \"ssm:PutParameter\",\n      \"Resource\": \"arn:aws:ssm:*:522857095635:parameter/parameter/aue1/c1/codebuild/lms_build_sequence\"\n    },\n    {\n      \"Sid\": \"\",\n      \"Effect\": \"Allow\",\n      \"Action\": [\n        \"codebuild:UpdateReport\",\n        \"codebuild:CreateReportGroup\",\n        \"codebuild:CreateReport\",\n        \"codebuild:BatchPutTestCases\"\n      ],\n      \"Resource\": \"arn:aws:codebuild:*:522857095635:report-group/aue1c1z1cbdclientnotificationsjobreleasebuild*\"\n    }\n  ]\n}",
            "override_json": null,
            "policy_id": null,
            "source_json": null,
            "statement": [
              {
                "actions": [
                  "ec2:CreateNetworkInterface",
                  "ec2:CreateNetworkInterfacePermission",
                  "ec2:DeleteNetworkInterface",
                  "ec2:DescribeDhcpOptions",
                  "ec2:DescribeNetworkInterfaces",
                  "ec2:DescribeSecurityGroups",
                  "ec2:DescribeSubnets",
                  "ec2:DescribeVpcs",
                  "logs:CreateLogGroup",
                  "logs:CreateLogStream",
                  "logs:PutLogEvents"
                ],
                "condition": [],
                "effect": "Allow",
                "not_actions": [],
                "not_principals": [],
                "not_resources": [],
                "principals": [],
                "resources": [
                  "*"
                ],
                "sid": ""
              },
              {
                "actions": [
                  "s3:*"
                ],
                "condition": [],
                "effect": "Allow",
                "not_actions": [],
                "not_principals": [],
                "not_resources": [],
                "principals": [],
                "resources": [
                  "arn:aws:s3:::aue1c1z1s3bclientnotificationsjob",
                  "arn:aws:s3:::aue1c1z1s3bclientnotificationsjob/*",
                  "arn:aws:s3:::auw2c1z1s3bclientnotificationsjob",
                  "arn:aws:s3:::auw2c1z1s3bclientnotificationsjob/*"
                ],
                "sid": ""
              },
              {
                "actions": [
                  "kms:Decrypt",
                  "kms:DescribeKey",
                  "kms:GenerateDataKey*",
                  "kms:ReEncrypt*"
                ],
                "condition": [],
                "effect": "Allow",
                "not_actions": [],
                "not_principals": [],
                "not_resources": [],
                "principals": [],
                "resources": [
                  "arn:aws:kms:*:522857095635:key/*"
                ],
                "sid": ""
              },
              {
                "actions": [
                  "ssm:GetParameter",
                  "ssm:GetParameters",
                  "ssm:GetParametersByPath"
                ],
                "condition": [],
                "effect": "Allow",
                "not_actions": [],
                "not_principals": [],
                "not_resources": [],
                "principals": [],
                "resources": [
                  "arn:aws:ssm:*:522857095635:parameter/*",
                  "arn:aws:ssm:*:522857095635:parameter/secure/aue1/c1/codebuild/*"
                ],
                "sid": ""
              },
              {
                "actions": [
                  "ssm:PutParameter"
                ],
                "condition": [],
                "effect": "Allow",
                "not_actions": [],
                "not_principals": [],
                "not_resources": [],
                "principals": [],
                "resources": [
                  "arn:aws:ssm:*:522857095635:parameter/parameter/aue1/c1/codebuild/lms_build_sequence"
                ],
                "sid": ""
              },
              {
                "actions": [
                  "codebuild:BatchPutTestCases",
                  "codebuild:CreateReport",
                  "codebuild:CreateReportGroup",
                  "codebuild:UpdateReport"
                ],
                "condition": [],
                "effect": "Allow",
                "not_actions": [],
                "not_principals": [],
                "not_resources": [],
                "principals": [],
                "resources": [
                  "arn:aws:codebuild:*:522857095635:report-group/aue1c1z1cbdclientnotificationsjobreleasebuild*"
                ],
                "sid": ""
              }
            ],
            "version": "2012-10-17"
          }
        }
      ]
    },
    {
      "module": "module.primary_bucket",
      "mode": "data",
      "type": "aws_iam_policy_document",
      "name": "code_kmk_ipl",
      "provider": "provider.aws.code_primary",
      "instances": [
        {
          "schema_version": 0,
          "attributes": {
            "id": "3308151110",
            "json": "{\n  \"Version\": \"2012-10-17\",\n  \"Statement\": [\n    {\n      \"Sid\": \"\",\n      \"Effect\": \"Allow\",\n      \"Action\": \"kms:Decrypt\",\n      \"Resource\": \"*\",\n      \"Principal\": {\n        \"AWS\": [\n          \"arn:aws:iam::717545809501:root\",\n          \"arn:aws:iam::714767054201:root\",\n          \"arn:aws:iam::607145767122:root\",\n          \"arn:aws:iam::293341091939:root\"\n        ]\n      }\n    },\n    {\n      \"Sid\": \"\",\n      \"Effect\": \"Allow\",\n      \"Action\": [\n        \"kms:ReEncrypt*\",\n        \"kms:GenerateDataKey*\",\n        \"kms:DescribeKey\",\n        \"kms:Decrypt\"\n      ],\n      \"Resource\": \"*\",\n      \"Principal\": {\n        \"AWS\": [\n          \"arn:aws:iam::717545809501:root\",\n          \"arn:aws:iam::714767054201:root\",\n          \"arn:aws:iam::607145767122:root\",\n          \"arn:aws:iam::293341091939:root\"\n        ]\n      },\n      \"Condition\": {\n        \"StringEquals\": {\n          \"kms:CallerAccount\": \"522857095635\",\n          \"kms:ViaService\": \"s3.us-east-1.amazonaws.com\"\n        }\n      }\n    },\n    {\n      \"Sid\": \"\",\n      \"Effect\": \"Allow\",\n      \"Action\": \"kms:*\",\n      \"Resource\": \"*\",\n      \"Principal\": {\n        \"AWS\": \"arn:aws:iam::522857095635:root\"\n      }\n    }\n  ]\n}",
            "override_json": null,
            "policy_id": null,
            "source_json": null,
            "statement": [
              {
                "actions": [
                  "kms:Decrypt"
                ],
                "condition": [],
                "effect": "Allow",
                "not_actions": [],
                "not_principals": [],
                "not_resources": [],
                "principals": [
                  {
                    "identifiers": [
                      "arn:aws:iam::293341091939:root",
                      "arn:aws:iam::607145767122:root",
                      "arn:aws:iam::714767054201:root",
                      "arn:aws:iam::717545809501:root"
                    ],
                    "type": "AWS"
                  }
                ],
                "resources": [
                  "*"
                ],
                "sid": ""
              },
              {
                "actions": [
                  "kms:Decrypt",
                  "kms:DescribeKey",
                  "kms:GenerateDataKey*",
                  "kms:ReEncrypt*"
                ],
                "condition": [
                  {
                    "test": "StringEquals",
                    "values": [
                      "522857095635"
                    ],
                    "variable": "kms:CallerAccount"
                  },
                  {
                    "test": "StringEquals",
                    "values": [
                      "s3.us-east-1.amazonaws.com"
                    ],
                    "variable": "kms:ViaService"
                  }
                ],
                "effect": "Allow",
                "not_actions": [],
                "not_principals": [],
                "not_resources": [],
                "principals": [
                  {
                    "identifiers": [
                      "arn:aws:iam::293341091939:root",
                      "arn:aws:iam::607145767122:root",
                      "arn:aws:iam::714767054201:root",
                      "arn:aws:iam::717545809501:root"
                    ],
                    "type": "AWS"
                  }
                ],
                "resources": [
                  "*"
                ],
                "sid": ""
              },
              {
                "actions": [
                  "kms:*"
                ],
                "condition": [],
                "effect": "Allow",
                "not_actions": [],
                "not_principals": [],
                "not_resources": [],
                "principals": [
                  {
                    "identifiers": [
                      "arn:aws:iam::522857095635:root"
                    ],
                    "type": "AWS"
                  }
                ],
                "resources": [
                  "*"
                ],
                "sid": ""
              }
            ],
            "version": "2012-10-17"
          }
        }
      ]
    },
    {
      "module": "module.secondary_bucket",
      "mode": "data",
      "type": "aws_iam_policy_document",
      "name": "code_kmk_ipl",
      "provider": "provider.aws.code_secondary",
      "instances": [
        {
          "schema_version": 0,
          "attributes": {
            "id": "942490043",
            "json": "{\n  \"Version\": \"2012-10-17\",\n  \"Statement\": [\n    {\n      \"Sid\": \"\",\n      \"Effect\": \"Allow\",\n      \"Action\": \"kms:Decrypt\",\n      \"Resource\": \"*\",\n      \"Principal\": {\n        \"AWS\": [\n          \"arn:aws:iam::717545809501:root\",\n          \"arn:aws:iam::714767054201:root\",\n          \"arn:aws:iam::607145767122:root\",\n          \"arn:aws:iam::293341091939:root\"\n        ]\n      }\n    },\n    {\n      \"Sid\": \"\",\n      \"Effect\": \"Allow\",\n      \"Action\": [\n        \"kms:ReEncrypt*\",\n        \"kms:GenerateDataKey*\",\n        \"kms:DescribeKey\",\n        \"kms:Decrypt\"\n      ],\n      \"Resource\": \"*\",\n      \"Principal\": {\n        \"AWS\": [\n          \"arn:aws:iam::717545809501:root\",\n          \"arn:aws:iam::714767054201:root\",\n          \"arn:aws:iam::607145767122:root\",\n          \"arn:aws:iam::293341091939:root\"\n        ]\n      },\n      \"Condition\": {\n        \"StringEquals\": {\n          \"kms:CallerAccount\": \"522857095635\",\n          \"kms:ViaService\": \"s3.us-west-2.amazonaws.com\"\n        }\n      }\n    },\n    {\n      \"Sid\": \"\",\n      \"Effect\": \"Allow\",\n      \"Action\": \"kms:*\",\n      \"Resource\": \"*\",\n      \"Principal\": {\n        \"AWS\": \"arn:aws:iam::522857095635:root\"\n      }\n    }\n  ]\n}",
            "override_json": null,
            "policy_id": null,
            "source_json": null,
            "statement": [
              {
                "actions": [
                  "kms:Decrypt"
                ],
                "condition": [],
                "effect": "Allow",
                "not_actions": [],
                "not_principals": [],
                "not_resources": [],
                "principals": [
                  {
                    "identifiers": [
                      "arn:aws:iam::293341091939:root",
                      "arn:aws:iam::607145767122:root",
                      "arn:aws:iam::714767054201:root",
                      "arn:aws:iam::717545809501:root"
                    ],
                    "type": "AWS"
                  }
                ],
                "resources": [
                  "*"
                ],
                "sid": ""
              },
              {
                "actions": [
                  "kms:Decrypt",
                  "kms:DescribeKey",
                  "kms:GenerateDataKey*",
                  "kms:ReEncrypt*"
                ],
                "condition": [
                  {
                    "test": "StringEquals",
                    "values": [
                      "522857095635"
                    ],
                    "variable": "kms:CallerAccount"
                  },
                  {
                    "test": "StringEquals",
                    "values": [
                      "s3.us-west-2.amazonaws.com"
                    ],
                    "variable": "kms:ViaService"
                  }
                ],
                "effect": "Allow",
                "not_actions": [],
                "not_principals": [],
                "not_resources": [],
                "principals": [
                  {
                    "identifiers": [
                      "arn:aws:iam::293341091939:root",
                      "arn:aws:iam::607145767122:root",
                      "arn:aws:iam::714767054201:root",
                      "arn:aws:iam::717545809501:root"
                    ],
                    "type": "AWS"
                  }
                ],
                "resources": [
                  "*"
                ],
                "sid": ""
              },
              {
                "actions": [
                  "kms:*"
                ],
                "condition": [],
                "effect": "Allow",
                "not_actions": [],
                "not_principals": [],
                "not_resources": [],
                "principals": [
                  {
                    "identifiers": [
                      "arn:aws:iam::522857095635:root"
                    ],
                    "type": "AWS"
                  }
                ],
                "resources": [
                  "*"
                ],
                "sid": ""
              }
            ],
            "version": "2012-10-17"
          }
        }
      ]
    },
    {
      "module": "module.primary_bucket",
      "mode": "data",
      "type": "aws_iam_policy_document",
      "name": "code_s3b_ipl",
      "provider": "provider.aws.code_primary",
      "instances": [
        {
          "schema_version": 0,
          "attributes": {
            "id": "2789822662",
            "json": "{\n  \"Version\": \"2012-10-17\",\n  \"Statement\": [\n    {\n      \"Sid\": \"\",\n      \"Effect\": \"Deny\",\n      \"Action\": \"s3:*\",\n      \"Resource\": [\n        \"arn:aws:s3:::aue1c1z1s3bclientnotificationsjob/*\",\n        \"arn:aws:s3:::aue1c1z1s3bclientnotificationsjob\"\n      ],\n      \"Principal\": \"*\",\n      \"Condition\": {\n        \"Bool\": {\n          \"aws:SecureTransport\": \"false\"\n        }\n      }\n    },\n    {\n      \"Sid\": \"\",\n      \"Effect\": \"Allow\",\n      \"Action\": [\n        \"s3:List*\",\n        \"s3:Get*\"\n      ],\n      \"Resource\": [\n        \"arn:aws:s3:::aue1c1z1s3bclientnotificationsjob/*\",\n        \"arn:aws:s3:::aue1c1z1s3bclientnotificationsjob\"\n      ],\n      \"Principal\": {\n        \"AWS\": [\n          \"arn:aws:iam::717545809501:root\",\n          \"arn:aws:iam::714767054201:root\",\n          \"arn:aws:iam::607145767122:root\",\n          \"arn:aws:iam::293341091939:root\"\n        ]\n      }\n    }\n  ]\n}",
            "override_json": null,
            "policy_id": null,
            "source_json": null,
            "statement": [
              {
                "actions": [
                  "s3:*"
                ],
                "condition": [
                  {
                    "test": "Bool",
                    "values": [
                      "false"
                    ],
                    "variable": "aws:SecureTransport"
                  }
                ],
                "effect": "Deny",
                "not_actions": [],
                "not_principals": [],
                "not_resources": [],
                "principals": [
                  {
                    "identifiers": [
                      "*"
                    ],
                    "type": "*"
                  }
                ],
                "resources": [
                  "arn:aws:s3:::aue1c1z1s3bclientnotificationsjob",
                  "arn:aws:s3:::aue1c1z1s3bclientnotificationsjob/*"
                ],
                "sid": ""
              },
              {
                "actions": [
                  "s3:Get*",
                  "s3:List*"
                ],
                "condition": [],
                "effect": "Allow",
                "not_actions": [],
                "not_principals": [],
                "not_resources": [],
                "principals": [
                  {
                    "identifiers": [
                      "arn:aws:iam::293341091939:root",
                      "arn:aws:iam::607145767122:root",
                      "arn:aws:iam::714767054201:root",
                      "arn:aws:iam::717545809501:root"
                    ],
                    "type": "AWS"
                  }
                ],
                "resources": [
                  "arn:aws:s3:::aue1c1z1s3bclientnotificationsjob",
                  "arn:aws:s3:::aue1c1z1s3bclientnotificationsjob/*"
                ],
                "sid": ""
              }
            ],
            "version": "2012-10-17"
          }
        }
      ]
    },
    {
      "module": "module.secondary_bucket",
      "mode": "data",
      "type": "aws_iam_policy_document",
      "name": "code_s3b_ipl",
      "provider": "provider.aws.code_secondary",
      "instances": [
        {
          "schema_version": 0,
          "attributes": {
            "id": "3769768203",
            "json": "{\n  \"Version\": \"2012-10-17\",\n  \"Statement\": [\n    {\n      \"Sid\": \"\",\n      \"Effect\": \"Deny\",\n      \"Action\": \"s3:*\",\n      \"Resource\": [\n        \"arn:aws:s3:::auw2c1z1s3bclientnotificationsjob/*\",\n        \"arn:aws:s3:::auw2c1z1s3bclientnotificationsjob\"\n      ],\n      \"Principal\": \"*\",\n      \"Condition\": {\n        \"Bool\": {\n          \"aws:SecureTransport\": \"false\"\n        }\n      }\n    },\n    {\n      \"Sid\": \"\",\n      \"Effect\": \"Allow\",\n      \"Action\": [\n        \"s3:List*\",\n        \"s3:Get*\"\n      ],\n      \"Resource\": [\n        \"arn:aws:s3:::auw2c1z1s3bclientnotificationsjob/*\",\n        \"arn:aws:s3:::auw2c1z1s3bclientnotificationsjob\"\n      ],\n      \"Principal\": {\n        \"AWS\": [\n          \"arn:aws:iam::717545809501:root\",\n          \"arn:aws:iam::714767054201:root\",\n          \"arn:aws:iam::607145767122:root\",\n          \"arn:aws:iam::293341091939:root\"\n        ]\n      }\n    }\n  ]\n}",
            "override_json": null,
            "policy_id": null,
            "source_json": null,
            "statement": [
              {
                "actions": [
                  "s3:*"
                ],
                "condition": [
                  {
                    "test": "Bool",
                    "values": [
                      "false"
                    ],
                    "variable": "aws:SecureTransport"
                  }
                ],
                "effect": "Deny",
                "not_actions": [],
                "not_principals": [],
                "not_resources": [],
                "principals": [
                  {
                    "identifiers": [
                      "*"
                    ],
                    "type": "*"
                  }
                ],
                "resources": [
                  "arn:aws:s3:::auw2c1z1s3bclientnotificationsjob",
                  "arn:aws:s3:::auw2c1z1s3bclientnotificationsjob/*"
                ],
                "sid": ""
              },
              {
                "actions": [
                  "s3:Get*",
                  "s3:List*"
                ],
                "condition": [],
                "effect": "Allow",
                "not_actions": [],
                "not_principals": [],
                "not_resources": [],
                "principals": [
                  {
                    "identifiers": [
                      "arn:aws:iam::293341091939:root",
                      "arn:aws:iam::607145767122:root",
                      "arn:aws:iam::714767054201:root",
                      "arn:aws:iam::717545809501:root"
                    ],
                    "type": "AWS"
                  }
                ],
                "resources": [
                  "arn:aws:s3:::auw2c1z1s3bclientnotificationsjob",
                  "arn:aws:s3:::auw2c1z1s3bclientnotificationsjob/*"
                ],
                "sid": ""
              }
            ],
            "version": "2012-10-17"
          }
        }
      ]
    },
    {
      "module": "module.develop_pipeline",
      "mode": "data",
      "type": "aws_iam_policy_document",
      "name": "cpl_access",
      "provider": "provider.aws",
      "instances": [
        {
          "schema_version": 0,
          "attributes": {
            "id": "1575137755",
            "json": "{\n  \"Version\": \"2012-10-17\",\n  \"Statement\": [\n    {\n      \"Sid\": \"\",\n      \"Effect\": \"Allow\",\n      \"Action\": [\n        \"codebuild:StartBuild\",\n        \"codebuild:BatchGetBuilds\"\n      ],\n      \"Resource\": \"arn:aws:codebuild:us-east-1:522857095635:project/aue1c1z1cbdclientnotificationsjobdevelopbuild\"\n    },\n    {\n      \"Sid\": \"\",\n      \"Effect\": \"Allow\",\n      \"Action\": \"s3:*\",\n      \"Resource\": [\n        \"arn:aws:s3:::auw2c1z1s3bclientnotificationsjob/*\",\n        \"arn:aws:s3:::auw2c1z1s3bclientnotificationsjob\",\n        \"arn:aws:s3:::aue1c1z1s3bclientnotificationsjob/*\",\n        \"arn:aws:s3:::aue1c1z1s3bclientnotificationsjob\"\n      ]\n    },\n    {\n      \"Sid\": \"\",\n      \"Effect\": \"Allow\",\n      \"Action\": [\n        \"kms:ReEncrypt*\",\n        \"kms:GenerateDataKey*\",\n        \"kms:DescribeKey\",\n        \"kms:Decrypt\"\n      ],\n      \"Resource\": \"arn:aws:kms:*:522857095635:key/*\"\n    },\n    {\n      \"Sid\": \"\",\n      \"Effect\": \"Allow\",\n      \"Action\": [\n        \"ssm:GetParametersByPath\",\n        \"ssm:GetParameters\",\n        \"ssm:GetParameter\"\n      ],\n      \"Resource\": [\n        \"arn:aws:ssm:*:522857095635:parameter/secure/aue1/c1/codebuild/*\",\n        \"arn:aws:ssm:*:522857095635:parameter/*\"\n      ]\n    },\n    {\n      \"Sid\": \"\",\n      \"Effect\": \"Allow\",\n      \"Action\": \"ssm:PutParameter\",\n      \"Resource\": \"arn:aws:ssm:*:522857095635:parameter/parameter/aue1/c1/codebuild/lms_build_sequence\"\n    },\n    {\n      \"Sid\": \"\",\n      \"Effect\": \"Allow\",\n      \"Action\": \"sts:AssumeRole\",\n      \"Resource\": [\n        \"arn:aws:iam::714767054201:role/auw2d1z1iroclientnotificationsjobdevelopdeploy\",\n        \"arn:aws:iam::714767054201:role/aue1d1z1iroclientnotificationsjobdevelopdeploy\"\n      ]\n    }\n  ]\n}",
            "override_json": null,
            "policy_id": null,
            "source_json": null,
            "statement": [
              {
                "actions": [
                  "codebuild:BatchGetBuilds",
                  "codebuild:StartBuild"
                ],
                "condition": [],
                "effect": "Allow",
                "not_actions": [],
                "not_principals": [],
                "not_resources": [],
                "principals": [],
                "resources": [
                  "arn:aws:codebuild:us-east-1:522857095635:project/aue1c1z1cbdclientnotificationsjobdevelopbuild"
                ],
                "sid": ""
              },
              {
                "actions": [
                  "s3:*"
                ],
                "condition": [],
                "effect": "Allow",
                "not_actions": [],
                "not_principals": [],
                "not_resources": [],
                "principals": [],
                "resources": [
                  "arn:aws:s3:::aue1c1z1s3bclientnotificationsjob",
                  "arn:aws:s3:::aue1c1z1s3bclientnotificationsjob/*",
                  "arn:aws:s3:::auw2c1z1s3bclientnotificationsjob",
                  "arn:aws:s3:::auw2c1z1s3bclientnotificationsjob/*"
                ],
                "sid": ""
              },
              {
                "actions": [
                  "kms:Decrypt",
                  "kms:DescribeKey",
                  "kms:GenerateDataKey*",
                  "kms:ReEncrypt*"
                ],
                "condition": [],
                "effect": "Allow",
                "not_actions": [],
                "not_principals": [],
                "not_resources": [],
                "principals": [],
                "resources": [
                  "arn:aws:kms:*:522857095635:key/*"
                ],
                "sid": ""
              },
              {
                "actions": [
                  "ssm:GetParameter",
                  "ssm:GetParameters",
                  "ssm:GetParametersByPath"
                ],
                "condition": [],
                "effect": "Allow",
                "not_actions": [],
                "not_principals": [],
                "not_resources": [],
                "principals": [],
                "resources": [
                  "arn:aws:ssm:*:522857095635:parameter/*",
                  "arn:aws:ssm:*:522857095635:parameter/secure/aue1/c1/codebuild/*"
                ],
                "sid": ""
              },
              {
                "actions": [
                  "ssm:PutParameter"
                ],
                "condition": [],
                "effect": "Allow",
                "not_actions": [],
                "not_principals": [],
                "not_resources": [],
                "principals": [],
                "resources": [
                  "arn:aws:ssm:*:522857095635:parameter/parameter/aue1/c1/codebuild/lms_build_sequence"
                ],
                "sid": ""
              },
              {
                "actions": [
                  "sts:AssumeRole"
                ],
                "condition": [],
                "effect": "Allow",
                "not_actions": [],
                "not_principals": [],
                "not_resources": [],
                "principals": [],
                "resources": [
                  "arn:aws:iam::714767054201:role/aue1d1z1iroclientnotificationsjobdevelopdeploy",
                  "arn:aws:iam::714767054201:role/auw2d1z1iroclientnotificationsjobdevelopdeploy"
                ],
                "sid": ""
              }
            ],
            "version": "2012-10-17"
          }
        }
      ]
    },
    {
      "module": "module.release_pipeline",
      "mode": "data",
      "type": "aws_iam_policy_document",
      "name": "cpl_access",
      "provider": "provider.aws",
      "instances": [
        {
          "schema_version": 0,
          "attributes": {
            "id": "1397139437",
            "json": "{\n  \"Version\": \"2012-10-17\",\n  \"Statement\": [\n    {\n      \"Sid\": \"\",\n      \"Effect\": \"Allow\",\n      \"Action\": [\n        \"codebuild:StartBuild\",\n        \"codebuild:BatchGetBuilds\"\n      ],\n      \"Resource\": \"arn:aws:codebuild:us-east-1:522857095635:project/aue1c1z1cbdclientnotificationsjobreleasebuild\"\n    },\n    {\n      \"Sid\": \"\",\n      \"Effect\": \"Allow\",\n      \"Action\": \"s3:*\",\n      \"Resource\": [\n        \"arn:aws:s3:::auw2c1z1s3bclientnotificationsjob/*\",\n        \"arn:aws:s3:::auw2c1z1s3bclientnotificationsjob\",\n        \"arn:aws:s3:::aue1c1z1s3bclientnotificationsjob/*\",\n        \"arn:aws:s3:::aue1c1z1s3bclientnotificationsjob\"\n      ]\n    },\n    {\n      \"Sid\": \"\",\n      \"Effect\": \"Allow\",\n      \"Action\": [\n        \"kms:ReEncrypt*\",\n        \"kms:GenerateDataKey*\",\n        \"kms:DescribeKey\",\n        \"kms:Decrypt\"\n      ],\n      \"Resource\": \"arn:aws:kms:*:522857095635:key/*\"\n    },\n    {\n      \"Sid\": \"\",\n      \"Effect\": \"Allow\",\n      \"Action\": [\n        \"ssm:GetParametersByPath\",\n        \"ssm:GetParameters\",\n        \"ssm:GetParameter\"\n      ],\n      \"Resource\": [\n        \"arn:aws:ssm:*:522857095635:parameter/secure/aue1/c1/codebuild/*\",\n        \"arn:aws:ssm:*:522857095635:parameter/*\"\n      ]\n    },\n    {\n      \"Sid\": \"\",\n      \"Effect\": \"Allow\",\n      \"Action\": \"ssm:PutParameter\",\n      \"Resource\": \"arn:aws:ssm:*:522857095635:parameter/parameter/aue1/c1/codebuild/lms_build_sequence\"\n    },\n    {\n      \"Sid\": \"\",\n      \"Effect\": \"Allow\",\n      \"Action\": \"sts:AssumeRole\",\n      \"Resource\": [\n        \"arn:aws:iam::717545809501:role/auw2p1z1iroclientnotificationsjobreleasedeploy\",\n        \"arn:aws:iam::717545809501:role/aue1p1z1iroclientnotificationsjobreleasedeploy\",\n        \"arn:aws:iam::607145767122:role/auw2t1z1iroclientnotificationsjobreleasedeploy\",\n        \"arn:aws:iam::607145767122:role/aue1t1z1iroclientnotificationsjobreleasedeploy\"\n      ]\n    }\n  ]\n}",
            "override_json": null,
            "policy_id": null,
            "source_json": null,
            "statement": [
              {
                "actions": [
                  "codebuild:BatchGetBuilds",
                  "codebuild:StartBuild"
                ],
                "condition": [],
                "effect": "Allow",
                "not_actions": [],
                "not_principals": [],
                "not_resources": [],
                "principals": [],
                "resources": [
                  "arn:aws:codebuild:us-east-1:522857095635:project/aue1c1z1cbdclientnotificationsjobreleasebuild"
                ],
                "sid": ""
              },
              {
                "actions": [
                  "s3:*"
                ],
                "condition": [],
                "effect": "Allow",
                "not_actions": [],
                "not_principals": [],
                "not_resources": [],
                "principals": [],
                "resources": [
                  "arn:aws:s3:::aue1c1z1s3bclientnotificationsjob",
                  "arn:aws:s3:::aue1c1z1s3bclientnotificationsjob/*",
                  "arn:aws:s3:::auw2c1z1s3bclientnotificationsjob",
                  "arn:aws:s3:::auw2c1z1s3bclientnotificationsjob/*"
                ],
                "sid": ""
              },
              {
                "actions": [
                  "kms:Decrypt",
                  "kms:DescribeKey",
                  "kms:GenerateDataKey*",
                  "kms:ReEncrypt*"
                ],
                "condition": [],
                "effect": "Allow",
                "not_actions": [],
                "not_principals": [],
                "not_resources": [],
                "principals": [],
                "resources": [
                  "arn:aws:kms:*:522857095635:key/*"
                ],
                "sid": ""
              },
              {
                "actions": [
                  "ssm:GetParameter",
                  "ssm:GetParameters",
                  "ssm:GetParametersByPath"
                ],
                "condition": [],
                "effect": "Allow",
                "not_actions": [],
                "not_principals": [],
                "not_resources": [],
                "principals": [],
                "resources": [
                  "arn:aws:ssm:*:522857095635:parameter/*",
                  "arn:aws:ssm:*:522857095635:parameter/secure/aue1/c1/codebuild/*"
                ],
                "sid": ""
              },
              {
                "actions": [
                  "ssm:PutParameter"
                ],
                "condition": [],
                "effect": "Allow",
                "not_actions": [],
                "not_principals": [],
                "not_resources": [],
                "principals": [],
                "resources": [
                  "arn:aws:ssm:*:522857095635:parameter/parameter/aue1/c1/codebuild/lms_build_sequence"
                ],
                "sid": ""
              },
              {
                "actions": [
                  "sts:AssumeRole"
                ],
                "condition": [],
                "effect": "Allow",
                "not_actions": [],
                "not_principals": [],
                "not_resources": [],
                "principals": [],
                "resources": [
                  "arn:aws:iam::607145767122:role/aue1t1z1iroclientnotificationsjobreleasedeploy",
                  "arn:aws:iam::607145767122:role/auw2t1z1iroclientnotificationsjobreleasedeploy",
                  "arn:aws:iam::717545809501:role/aue1p1z1iroclientnotificationsjobreleasedeploy",
                  "arn:aws:iam::717545809501:role/auw2p1z1iroclientnotificationsjobreleasedeploy"
                ],
                "sid": ""
              }
            ],
            "version": "2012-10-17"
          }
        }
      ]
    },
    {
      "module": "module.develop_pipeline",
      "mode": "data",
      "type": "aws_iam_policy_document",
      "name": "primary_codedeploy_assume",
      "provider": "provider.aws",
      "instances": [
        {
          "schema_version": 0,
          "attributes": {
            "id": "3123370624",
            "json": "{\n  \"Version\": \"2012-10-17\",\n  \"Statement\": [\n    {\n      \"Sid\": \"\",\n      \"Effect\": \"Allow\",\n      \"Action\": \"sts:AssumeRole\",\n      \"Principal\": {\n        \"AWS\": \"arn:aws:iam::522857095635:root\",\n        \"Service\": \"codedeploy.amazonaws.com\"\n      }\n    }\n  ]\n}",
            "override_json": null,
            "policy_id": null,
            "source_json": null,
            "statement": [
              {
                "actions": [
                  "sts:AssumeRole"
                ],
                "condition": [],
                "effect": "Allow",
                "not_actions": [],
                "not_principals": [],
                "not_resources": [],
                "principals": [
                  {
                    "identifiers": [
                      "arn:aws:iam::522857095635:root"
                    ],
                    "type": "AWS"
                  },
                  {
                    "identifiers": [
                      "codedeploy.amazonaws.com"
                    ],
                    "type": "Service"
                  }
                ],
                "resources": [],
                "sid": ""
              }
            ],
            "version": "2012-10-17"
          }
        }
      ]
    },
    {
      "module": "module.develop_pipeline",
      "mode": "data",
      "type": "aws_iam_policy_document",
      "name": "primary_deploy_access",
      "provider": "provider.aws",
      "instances": [
        {
          "schema_version": 0,
          "attributes": {
            "id": "1749006675",
            "json": "{\n  \"Version\": \"2012-10-17\",\n  \"Statement\": [\n    {\n      \"Sid\": \"\",\n      \"Effect\": \"Allow\",\n      \"Action\": [\n        \"s3:List*\",\n        \"s3:Get*\"\n      ],\n      \"Resource\": [\n        \"arn:aws:s3:::auw2c1z1s3bclientnotificationsjob/*\",\n        \"arn:aws:s3:::auw2c1z1s3bclientnotificationsjob\",\n        \"arn:aws:s3:::aue1c1z1s3bclientnotificationsjob/*\",\n        \"arn:aws:s3:::aue1c1z1s3bclientnotificationsjob\"\n      ]\n    },\n    {\n      \"Sid\": \"\",\n      \"Effect\": \"Allow\",\n      \"Action\": \"kms:Decrypt\",\n      \"Resource\": \"arn:aws:kms:*:522857095635:key/*\"\n    },\n    {\n      \"Sid\": \"\",\n      \"Effect\": \"Allow\",\n      \"Action\": [\n        \"codedeploy:RegisterApplicationRevision\",\n        \"codedeploy:GetDeploymentConfig\",\n        \"codedeploy:GetDeployment\",\n        \"codedeploy:GetApplicationRevision\",\n        \"codedeploy:CreateDeployment\"\n      ],\n      \"Resource\": \"*\"\n    }\n  ]\n}",
            "override_json": null,
            "policy_id": null,
            "source_json": null,
            "statement": [
              {
                "actions": [
                  "s3:Get*",
                  "s3:List*"
                ],
                "condition": [],
                "effect": "Allow",
                "not_actions": [],
                "not_principals": [],
                "not_resources": [],
                "principals": [],
                "resources": [
                  "arn:aws:s3:::aue1c1z1s3bclientnotificationsjob",
                  "arn:aws:s3:::aue1c1z1s3bclientnotificationsjob/*",
                  "arn:aws:s3:::auw2c1z1s3bclientnotificationsjob",
                  "arn:aws:s3:::auw2c1z1s3bclientnotificationsjob/*"
                ],
                "sid": ""
              },
              {
                "actions": [
                  "kms:Decrypt"
                ],
                "condition": [],
                "effect": "Allow",
                "not_actions": [],
                "not_principals": [],
                "not_resources": [],
                "principals": [],
                "resources": [
                  "arn:aws:kms:*:522857095635:key/*"
                ],
                "sid": ""
              },
              {
                "actions": [
                  "codedeploy:CreateDeployment",
                  "codedeploy:GetApplicationRevision",
                  "codedeploy:GetDeployment",
                  "codedeploy:GetDeploymentConfig",
                  "codedeploy:RegisterApplicationRevision"
                ],
                "condition": [],
                "effect": "Allow",
                "not_actions": [],
                "not_principals": [],
                "not_resources": [],
                "principals": [],
                "resources": [
                  "*"
                ],
                "sid": ""
              }
            ],
            "version": "2012-10-17"
          }
        }
      ]
    },
    {
      "module": "module.release_pipeline",
      "mode": "data",
      "type": "aws_iam_policy_document",
      "name": "production_primary_codedeploy_assume",
      "provider": "provider.aws",
      "instances": [
        {
          "schema_version": 0,
          "attributes": {
            "id": "3123370624",
            "json": "{\n  \"Version\": \"2012-10-17\",\n  \"Statement\": [\n    {\n      \"Sid\": \"\",\n      \"Effect\": \"Allow\",\n      \"Action\": \"sts:AssumeRole\",\n      \"Principal\": {\n        \"AWS\": \"arn:aws:iam::522857095635:root\",\n        \"Service\": \"codedeploy.amazonaws.com\"\n      }\n    }\n  ]\n}",
            "override_json": null,
            "policy_id": null,
            "source_json": null,
            "statement": [
              {
                "actions": [
                  "sts:AssumeRole"
                ],
                "condition": [],
                "effect": "Allow",
                "not_actions": [],
                "not_principals": [],
                "not_resources": [],
                "principals": [
                  {
                    "identifiers": [
                      "arn:aws:iam::522857095635:root"
                    ],
                    "type": "AWS"
                  },
                  {
                    "identifiers": [
                      "codedeploy.amazonaws.com"
                    ],
                    "type": "Service"
                  }
                ],
                "resources": [],
                "sid": ""
              }
            ],
            "version": "2012-10-17"
          }
        }
      ]
    },
    {
      "module": "module.release_pipeline",
      "mode": "data",
      "type": "aws_iam_policy_document",
      "name": "production_primary_deploy_access",
      "provider": "provider.aws",
      "instances": [
        {
          "schema_version": 0,
          "attributes": {
            "id": "1749006675",
            "json": "{\n  \"Version\": \"2012-10-17\",\n  \"Statement\": [\n    {\n      \"Sid\": \"\",\n      \"Effect\": \"Allow\",\n      \"Action\": [\n        \"s3:List*\",\n        \"s3:Get*\"\n      ],\n      \"Resource\": [\n        \"arn:aws:s3:::auw2c1z1s3bclientnotificationsjob/*\",\n        \"arn:aws:s3:::auw2c1z1s3bclientnotificationsjob\",\n        \"arn:aws:s3:::aue1c1z1s3bclientnotificationsjob/*\",\n        \"arn:aws:s3:::aue1c1z1s3bclientnotificationsjob\"\n      ]\n    },\n    {\n      \"Sid\": \"\",\n      \"Effect\": \"Allow\",\n      \"Action\": \"kms:Decrypt\",\n      \"Resource\": \"arn:aws:kms:*:522857095635:key/*\"\n    },\n    {\n      \"Sid\": \"\",\n      \"Effect\": \"Allow\",\n      \"Action\": [\n        \"codedeploy:RegisterApplicationRevision\",\n        \"codedeploy:GetDeploymentConfig\",\n        \"codedeploy:GetDeployment\",\n        \"codedeploy:GetApplicationRevision\",\n        \"codedeploy:CreateDeployment\"\n      ],\n      \"Resource\": \"*\"\n    }\n  ]\n}",
            "override_json": null,
            "policy_id": null,
            "source_json": null,
            "statement": [
              {
                "actions": [
                  "s3:Get*",
                  "s3:List*"
                ],
                "condition": [],
                "effect": "Allow",
                "not_actions": [],
                "not_principals": [],
                "not_resources": [],
                "principals": [],
                "resources": [
                  "arn:aws:s3:::aue1c1z1s3bclientnotificationsjob",
                  "arn:aws:s3:::aue1c1z1s3bclientnotificationsjob/*",
                  "arn:aws:s3:::auw2c1z1s3bclientnotificationsjob",
                  "arn:aws:s3:::auw2c1z1s3bclientnotificationsjob/*"
                ],
                "sid": ""
              },
              {
                "actions": [
                  "kms:Decrypt"
                ],
                "condition": [],
                "effect": "Allow",
                "not_actions": [],
                "not_principals": [],
                "not_resources": [],
                "principals": [],
                "resources": [
                  "arn:aws:kms:*:522857095635:key/*"
                ],
                "sid": ""
              },
              {
                "actions": [
                  "codedeploy:CreateDeployment",
                  "codedeploy:GetApplicationRevision",
                  "codedeploy:GetDeployment",
                  "codedeploy:GetDeploymentConfig",
                  "codedeploy:RegisterApplicationRevision"
                ],
                "condition": [],
                "effect": "Allow",
                "not_actions": [],
                "not_principals": [],
                "not_resources": [],
                "principals": [],
                "resources": [
                  "*"
                ],
                "sid": ""
              }
            ],
            "version": "2012-10-17"
          }
        }
      ]
    },
    {
      "module": "module.release_pipeline",
      "mode": "data",
      "type": "aws_iam_policy_document",
      "name": "production_secondary_codedeploy_assume",
      "provider": "provider.aws",
      "instances": [
        {
          "schema_version": 0,
          "attributes": {
            "id": "3123370624",
            "json": "{\n  \"Version\": \"2012-10-17\",\n  \"Statement\": [\n    {\n      \"Sid\": \"\",\n      \"Effect\": \"Allow\",\n      \"Action\": \"sts:AssumeRole\",\n      \"Principal\": {\n        \"AWS\": \"arn:aws:iam::522857095635:root\",\n        \"Service\": \"codedeploy.amazonaws.com\"\n      }\n    }\n  ]\n}",
            "override_json": null,
            "policy_id": null,
            "source_json": null,
            "statement": [
              {
                "actions": [
                  "sts:AssumeRole"
                ],
                "condition": [],
                "effect": "Allow",
                "not_actions": [],
                "not_principals": [],
                "not_resources": [],
                "principals": [
                  {
                    "identifiers": [
                      "arn:aws:iam::522857095635:root"
                    ],
                    "type": "AWS"
                  },
                  {
                    "identifiers": [
                      "codedeploy.amazonaws.com"
                    ],
                    "type": "Service"
                  }
                ],
                "resources": [],
                "sid": ""
              }
            ],
            "version": "2012-10-17"
          }
        }
      ]
    },
    {
      "module": "module.release_pipeline",
      "mode": "data",
      "type": "aws_iam_policy_document",
      "name": "production_secondary_deploy_access",
      "provider": "provider.aws",
      "instances": [
        {
          "schema_version": 0,
          "attributes": {
            "id": "1749006675",
            "json": "{\n  \"Version\": \"2012-10-17\",\n  \"Statement\": [\n    {\n      \"Sid\": \"\",\n      \"Effect\": \"Allow\",\n      \"Action\": [\n        \"s3:List*\",\n        \"s3:Get*\"\n      ],\n      \"Resource\": [\n        \"arn:aws:s3:::auw2c1z1s3bclientnotificationsjob/*\",\n        \"arn:aws:s3:::auw2c1z1s3bclientnotificationsjob\",\n        \"arn:aws:s3:::aue1c1z1s3bclientnotificationsjob/*\",\n        \"arn:aws:s3:::aue1c1z1s3bclientnotificationsjob\"\n      ]\n    },\n    {\n      \"Sid\": \"\",\n      \"Effect\": \"Allow\",\n      \"Action\": \"kms:Decrypt\",\n      \"Resource\": \"arn:aws:kms:*:522857095635:key/*\"\n    },\n    {\n      \"Sid\": \"\",\n      \"Effect\": \"Allow\",\n      \"Action\": [\n        \"codedeploy:RegisterApplicationRevision\",\n        \"codedeploy:GetDeploymentConfig\",\n        \"codedeploy:GetDeployment\",\n        \"codedeploy:GetApplicationRevision\",\n        \"codedeploy:CreateDeployment\"\n      ],\n      \"Resource\": \"*\"\n    }\n  ]\n}",
            "override_json": null,
            "policy_id": null,
            "source_json": null,
            "statement": [
              {
                "actions": [
                  "s3:Get*",
                  "s3:List*"
                ],
                "condition": [],
                "effect": "Allow",
                "not_actions": [],
                "not_principals": [],
                "not_resources": [],
                "principals": [],
                "resources": [
                  "arn:aws:s3:::aue1c1z1s3bclientnotificationsjob",
                  "arn:aws:s3:::aue1c1z1s3bclientnotificationsjob/*",
                  "arn:aws:s3:::auw2c1z1s3bclientnotificationsjob",
                  "arn:aws:s3:::auw2c1z1s3bclientnotificationsjob/*"
                ],
                "sid": ""
              },
              {
                "actions": [
                  "kms:Decrypt"
                ],
                "condition": [],
                "effect": "Allow",
                "not_actions": [],
                "not_principals": [],
                "not_resources": [],
                "principals": [],
                "resources": [
                  "arn:aws:kms:*:522857095635:key/*"
                ],
                "sid": ""
              },
              {
                "actions": [
                  "codedeploy:CreateDeployment",
                  "codedeploy:GetApplicationRevision",
                  "codedeploy:GetDeployment",
                  "codedeploy:GetDeploymentConfig",
                  "codedeploy:RegisterApplicationRevision"
                ],
                "condition": [],
                "effect": "Allow",
                "not_actions": [],
                "not_principals": [],
                "not_resources": [],
                "principals": [],
                "resources": [
                  "*"
                ],
                "sid": ""
              }
            ],
            "version": "2012-10-17"
          }
        }
      ]
    },
    {
      "module": "module.develop_pipeline",
      "mode": "data",
      "type": "aws_iam_policy_document",
      "name": "secondary_codedeploy_assume",
      "provider": "provider.aws",
      "instances": [
        {
          "schema_version": 0,
          "attributes": {
            "id": "3123370624",
            "json": "{\n  \"Version\": \"2012-10-17\",\n  \"Statement\": [\n    {\n      \"Sid\": \"\",\n      \"Effect\": \"Allow\",\n      \"Action\": \"sts:AssumeRole\",\n      \"Principal\": {\n        \"AWS\": \"arn:aws:iam::522857095635:root\",\n        \"Service\": \"codedeploy.amazonaws.com\"\n      }\n    }\n  ]\n}",
            "override_json": null,
            "policy_id": null,
            "source_json": null,
            "statement": [
              {
                "actions": [
                  "sts:AssumeRole"
                ],
                "condition": [],
                "effect": "Allow",
                "not_actions": [],
                "not_principals": [],
                "not_resources": [],
                "principals": [
                  {
                    "identifiers": [
                      "arn:aws:iam::522857095635:root"
                    ],
                    "type": "AWS"
                  },
                  {
                    "identifiers": [
                      "codedeploy.amazonaws.com"
                    ],
                    "type": "Service"
                  }
                ],
                "resources": [],
                "sid": ""
              }
            ],
            "version": "2012-10-17"
          }
        }
      ]
    },
    {
      "module": "module.develop_pipeline",
      "mode": "data",
      "type": "aws_iam_policy_document",
      "name": "secondary_deploy_access",
      "provider": "provider.aws",
      "instances": [
        {
          "schema_version": 0,
          "attributes": {
            "id": "1749006675",
            "json": "{\n  \"Version\": \"2012-10-17\",\n  \"Statement\": [\n    {\n      \"Sid\": \"\",\n      \"Effect\": \"Allow\",\n      \"Action\": [\n        \"s3:List*\",\n        \"s3:Get*\"\n      ],\n      \"Resource\": [\n        \"arn:aws:s3:::auw2c1z1s3bclientnotificationsjob/*\",\n        \"arn:aws:s3:::auw2c1z1s3bclientnotificationsjob\",\n        \"arn:aws:s3:::aue1c1z1s3bclientnotificationsjob/*\",\n        \"arn:aws:s3:::aue1c1z1s3bclientnotificationsjob\"\n      ]\n    },\n    {\n      \"Sid\": \"\",\n      \"Effect\": \"Allow\",\n      \"Action\": \"kms:Decrypt\",\n      \"Resource\": \"arn:aws:kms:*:522857095635:key/*\"\n    },\n    {\n      \"Sid\": \"\",\n      \"Effect\": \"Allow\",\n      \"Action\": [\n        \"codedeploy:RegisterApplicationRevision\",\n        \"codedeploy:GetDeploymentConfig\",\n        \"codedeploy:GetDeployment\",\n        \"codedeploy:GetApplicationRevision\",\n        \"codedeploy:CreateDeployment\"\n      ],\n      \"Resource\": \"*\"\n    }\n  ]\n}",
            "override_json": null,
            "policy_id": null,
            "source_json": null,
            "statement": [
              {
                "actions": [
                  "s3:Get*",
                  "s3:List*"
                ],
                "condition": [],
                "effect": "Allow",
                "not_actions": [],
                "not_principals": [],
                "not_resources": [],
                "principals": [],
                "resources": [
                  "arn:aws:s3:::aue1c1z1s3bclientnotificationsjob",
                  "arn:aws:s3:::aue1c1z1s3bclientnotificationsjob/*",
                  "arn:aws:s3:::auw2c1z1s3bclientnotificationsjob",
                  "arn:aws:s3:::auw2c1z1s3bclientnotificationsjob/*"
                ],
                "sid": ""
              },
              {
                "actions": [
                  "kms:Decrypt"
                ],
                "condition": [],
                "effect": "Allow",
                "not_actions": [],
                "not_principals": [],
                "not_resources": [],
                "principals": [],
                "resources": [
                  "arn:aws:kms:*:522857095635:key/*"
                ],
                "sid": ""
              },
              {
                "actions": [
                  "codedeploy:CreateDeployment",
                  "codedeploy:GetApplicationRevision",
                  "codedeploy:GetDeployment",
                  "codedeploy:GetDeploymentConfig",
                  "codedeploy:RegisterApplicationRevision"
                ],
                "condition": [],
                "effect": "Allow",
                "not_actions": [],
                "not_principals": [],
                "not_resources": [],
                "principals": [],
                "resources": [
                  "*"
                ],
                "sid": ""
              }
            ],
            "version": "2012-10-17"
          }
        }
      ]
    },
    {
      "module": "module.release_pipeline",
      "mode": "data",
      "type": "aws_iam_policy_document",
      "name": "test_primary_codedeploy_assume",
      "provider": "provider.aws",
      "instances": [
        {
          "schema_version": 0,
          "attributes": {
            "id": "3123370624",
            "json": "{\n  \"Version\": \"2012-10-17\",\n  \"Statement\": [\n    {\n      \"Sid\": \"\",\n      \"Effect\": \"Allow\",\n      \"Action\": \"sts:AssumeRole\",\n      \"Principal\": {\n        \"AWS\": \"arn:aws:iam::522857095635:root\",\n        \"Service\": \"codedeploy.amazonaws.com\"\n      }\n    }\n  ]\n}",
            "override_json": null,
            "policy_id": null,
            "source_json": null,
            "statement": [
              {
                "actions": [
                  "sts:AssumeRole"
                ],
                "condition": [],
                "effect": "Allow",
                "not_actions": [],
                "not_principals": [],
                "not_resources": [],
                "principals": [
                  {
                    "identifiers": [
                      "arn:aws:iam::522857095635:root"
                    ],
                    "type": "AWS"
                  },
                  {
                    "identifiers": [
                      "codedeploy.amazonaws.com"
                    ],
                    "type": "Service"
                  }
                ],
                "resources": [],
                "sid": ""
              }
            ],
            "version": "2012-10-17"
          }
        }
      ]
    },
    {
      "module": "module.release_pipeline",
      "mode": "data",
      "type": "aws_iam_policy_document",
      "name": "test_primary_deploy_access",
      "provider": "provider.aws",
      "instances": [
        {
          "schema_version": 0,
          "attributes": {
            "id": "1749006675",
            "json": "{\n  \"Version\": \"2012-10-17\",\n  \"Statement\": [\n    {\n      \"Sid\": \"\",\n      \"Effect\": \"Allow\",\n      \"Action\": [\n        \"s3:List*\",\n        \"s3:Get*\"\n      ],\n      \"Resource\": [\n        \"arn:aws:s3:::auw2c1z1s3bclientnotificationsjob/*\",\n        \"arn:aws:s3:::auw2c1z1s3bclientnotificationsjob\",\n        \"arn:aws:s3:::aue1c1z1s3bclientnotificationsjob/*\",\n        \"arn:aws:s3:::aue1c1z1s3bclientnotificationsjob\"\n      ]\n    },\n    {\n      \"Sid\": \"\",\n      \"Effect\": \"Allow\",\n      \"Action\": \"kms:Decrypt\",\n      \"Resource\": \"arn:aws:kms:*:522857095635:key/*\"\n    },\n    {\n      \"Sid\": \"\",\n      \"Effect\": \"Allow\",\n      \"Action\": [\n        \"codedeploy:RegisterApplicationRevision\",\n        \"codedeploy:GetDeploymentConfig\",\n        \"codedeploy:GetDeployment\",\n        \"codedeploy:GetApplicationRevision\",\n        \"codedeploy:CreateDeployment\"\n      ],\n      \"Resource\": \"*\"\n    }\n  ]\n}",
            "override_json": null,
            "policy_id": null,
            "source_json": null,
            "statement": [
              {
                "actions": [
                  "s3:Get*",
                  "s3:List*"
                ],
                "condition": [],
                "effect": "Allow",
                "not_actions": [],
                "not_principals": [],
                "not_resources": [],
                "principals": [],
                "resources": [
                  "arn:aws:s3:::aue1c1z1s3bclientnotificationsjob",
                  "arn:aws:s3:::aue1c1z1s3bclientnotificationsjob/*",
                  "arn:aws:s3:::auw2c1z1s3bclientnotificationsjob",
                  "arn:aws:s3:::auw2c1z1s3bclientnotificationsjob/*"
                ],
                "sid": ""
              },
              {
                "actions": [
                  "kms:Decrypt"
                ],
                "condition": [],
                "effect": "Allow",
                "not_actions": [],
                "not_principals": [],
                "not_resources": [],
                "principals": [],
                "resources": [
                  "arn:aws:kms:*:522857095635:key/*"
                ],
                "sid": ""
              },
              {
                "actions": [
                  "codedeploy:CreateDeployment",
                  "codedeploy:GetApplicationRevision",
                  "codedeploy:GetDeployment",
                  "codedeploy:GetDeploymentConfig",
                  "codedeploy:RegisterApplicationRevision"
                ],
                "condition": [],
                "effect": "Allow",
                "not_actions": [],
                "not_principals": [],
                "not_resources": [],
                "principals": [],
                "resources": [
                  "*"
                ],
                "sid": ""
              }
            ],
            "version": "2012-10-17"
          }
        }
      ]
    },
    {
      "module": "module.release_pipeline",
      "mode": "data",
      "type": "aws_iam_policy_document",
      "name": "test_secondary_codedeploy_assume",
      "provider": "provider.aws",
      "instances": [
        {
          "schema_version": 0,
          "attributes": {
            "id": "3123370624",
            "json": "{\n  \"Version\": \"2012-10-17\",\n  \"Statement\": [\n    {\n      \"Sid\": \"\",\n      \"Effect\": \"Allow\",\n      \"Action\": \"sts:AssumeRole\",\n      \"Principal\": {\n        \"AWS\": \"arn:aws:iam::522857095635:root\",\n        \"Service\": \"codedeploy.amazonaws.com\"\n      }\n    }\n  ]\n}",
            "override_json": null,
            "policy_id": null,
            "source_json": null,
            "statement": [
              {
                "actions": [
                  "sts:AssumeRole"
                ],
                "condition": [],
                "effect": "Allow",
                "not_actions": [],
                "not_principals": [],
                "not_resources": [],
                "principals": [
                  {
                    "identifiers": [
                      "arn:aws:iam::522857095635:root"
                    ],
                    "type": "AWS"
                  },
                  {
                    "identifiers": [
                      "codedeploy.amazonaws.com"
                    ],
                    "type": "Service"
                  }
                ],
                "resources": [],
                "sid": ""
              }
            ],
            "version": "2012-10-17"
          }
        }
      ]
    },
    {
      "module": "module.release_pipeline",
      "mode": "data",
      "type": "aws_iam_policy_document",
      "name": "test_secondary_deploy_access",
      "provider": "provider.aws",
      "instances": [
        {
          "schema_version": 0,
          "attributes": {
            "id": "1749006675",
            "json": "{\n  \"Version\": \"2012-10-17\",\n  \"Statement\": [\n    {\n      \"Sid\": \"\",\n      \"Effect\": \"Allow\",\n      \"Action\": [\n        \"s3:List*\",\n        \"s3:Get*\"\n      ],\n      \"Resource\": [\n        \"arn:aws:s3:::auw2c1z1s3bclientnotificationsjob/*\",\n        \"arn:aws:s3:::auw2c1z1s3bclientnotificationsjob\",\n        \"arn:aws:s3:::aue1c1z1s3bclientnotificationsjob/*\",\n        \"arn:aws:s3:::aue1c1z1s3bclientnotificationsjob\"\n      ]\n    },\n    {\n      \"Sid\": \"\",\n      \"Effect\": \"Allow\",\n      \"Action\": \"kms:Decrypt\",\n      \"Resource\": \"arn:aws:kms:*:522857095635:key/*\"\n    },\n    {\n      \"Sid\": \"\",\n      \"Effect\": \"Allow\",\n      \"Action\": [\n        \"codedeploy:RegisterApplicationRevision\",\n        \"codedeploy:GetDeploymentConfig\",\n        \"codedeploy:GetDeployment\",\n        \"codedeploy:GetApplicationRevision\",\n        \"codedeploy:CreateDeployment\"\n      ],\n      \"Resource\": \"*\"\n    }\n  ]\n}",
            "override_json": null,
            "policy_id": null,
            "source_json": null,
            "statement": [
              {
                "actions": [
                  "s3:Get*",
                  "s3:List*"
                ],
                "condition": [],
                "effect": "Allow",
                "not_actions": [],
                "not_principals": [],
                "not_resources": [],
                "principals": [],
                "resources": [
                  "arn:aws:s3:::aue1c1z1s3bclientnotificationsjob",
                  "arn:aws:s3:::aue1c1z1s3bclientnotificationsjob/*",
                  "arn:aws:s3:::auw2c1z1s3bclientnotificationsjob",
                  "arn:aws:s3:::auw2c1z1s3bclientnotificationsjob/*"
                ],
                "sid": ""
              },
              {
                "actions": [
                  "kms:Decrypt"
                ],
                "condition": [],
                "effect": "Allow",
                "not_actions": [],
                "not_principals": [],
                "not_resources": [],
                "principals": [],
                "resources": [
                  "arn:aws:kms:*:522857095635:key/*"
                ],
                "sid": ""
              },
              {
                "actions": [
                  "codedeploy:CreateDeployment",
                  "codedeploy:GetApplicationRevision",
                  "codedeploy:GetDeployment",
                  "codedeploy:GetDeploymentConfig",
                  "codedeploy:RegisterApplicationRevision"
                ],
                "condition": [],
                "effect": "Allow",
                "not_actions": [],
                "not_principals": [],
                "not_resources": [],
                "principals": [],
                "resources": [
                  "*"
                ],
                "sid": ""
              }
            ],
            "version": "2012-10-17"
          }
        }
      ]
    },
    {
      "module": "module.develop_pipeline",
      "mode": "data",
      "type": "aws_region",
      "name": "code",
      "provider": "provider.aws.code_primary",
      "instances": [
        {
          "schema_version": 0,
          "attributes": {
            "description": "US East (N. Virginia)",
            "endpoint": "ec2.us-east-1.amazonaws.com",
            "id": "us-east-1",
            "name": "us-east-1"
          }
        }
      ]
    },
    {
      "module": "module.release_pipeline",
      "mode": "data",
      "type": "aws_region",
      "name": "code",
      "provider": "provider.aws.code_primary",
      "instances": [
        {
          "schema_version": 0,
          "attributes": {
            "description": "US East (N. Virginia)",
            "endpoint": "ec2.us-east-1.amazonaws.com",
            "id": "us-east-1",
            "name": "us-east-1"
          }
        }
      ]
    },
    {
      "module": "module.primary_bucket",
      "mode": "data",
      "type": "aws_region",
      "name": "current",
      "provider": "provider.aws.code_primary",
      "instances": [
        {
          "schema_version": 0,
          "attributes": {
            "description": "US East (N. Virginia)",
            "endpoint": "ec2.us-east-1.amazonaws.com",
            "id": "us-east-1",
            "name": "us-east-1"
          }
        }
      ]
    },
    {
      "module": "module.secondary_bucket",
      "mode": "data",
      "type": "aws_region",
      "name": "current",
      "provider": "provider.aws.code_secondary",
      "instances": [
        {
          "schema_version": 0,
          "attributes": {
            "description": "US West (Oregon)",
            "endpoint": "ec2.us-west-2.amazonaws.com",
            "id": "us-west-2",
            "name": "us-west-2"
          }
        }
      ]
    },
    {
      "module": "module.develop_pipeline",
      "mode": "data",
      "type": "aws_region",
      "name": "primary",
      "provider": "provider.aws.dev_primary",
      "instances": [
        {
          "schema_version": 0,
          "attributes": {
            "description": "US East (N. Virginia)",
            "endpoint": "ec2.us-east-1.amazonaws.com",
            "id": "us-east-1",
            "name": "us-east-1"
          }
        }
      ]
    },
    {
      "module": "module.release_pipeline",
      "mode": "data",
      "type": "aws_region",
      "name": "production_primary",
      "provider": "provider.aws.prd_primary",
      "instances": [
        {
          "schema_version": 0,
          "attributes": {
            "description": "US East (N. Virginia)",
            "endpoint": "ec2.us-east-1.amazonaws.com",
            "id": "us-east-1",
            "name": "us-east-1"
          }
        }
      ]
    },
    {
      "module": "module.release_pipeline",
      "mode": "data",
      "type": "aws_region",
      "name": "production_secondary",
      "provider": "provider.aws.prd_secondary",
      "instances": [
        {
          "schema_version": 0,
          "attributes": {
            "description": "US West (Oregon)",
            "endpoint": "ec2.us-west-2.amazonaws.com",
            "id": "us-west-2",
            "name": "us-west-2"
          }
        }
      ]
    },
    {
      "module": "module.develop_pipeline",
      "mode": "data",
      "type": "aws_region",
      "name": "secondary",
      "provider": "provider.aws.dev_secondary",
      "instances": [
        {
          "schema_version": 0,
          "attributes": {
            "description": "US West (Oregon)",
            "endpoint": "ec2.us-west-2.amazonaws.com",
            "id": "us-west-2",
            "name": "us-west-2"
          }
        }
      ]
    },
    {
      "module": "module.release_pipeline",
      "mode": "data",
      "type": "aws_region",
      "name": "test_primary",
      "provider": "provider.aws.tst_primary",
      "instances": [
        {
          "schema_version": 0,
          "attributes": {
            "description": "US East (N. Virginia)",
            "endpoint": "ec2.us-east-1.amazonaws.com",
            "id": "us-east-1",
            "name": "us-east-1"
          }
        }
      ]
    },
    {
      "module": "module.release_pipeline",
      "mode": "data",
      "type": "aws_region",
      "name": "test_secondary",
      "provider": "provider.aws.tst_secondary",
      "instances": [
        {
          "schema_version": 0,
          "attributes": {
            "description": "US West (Oregon)",
            "endpoint": "ec2.us-west-2.amazonaws.com",
            "id": "us-west-2",
            "name": "us-west-2"
          }
        }
      ]
    },
    {
      "module": "module.develop_pipeline",
      "mode": "managed",
      "type": "aws_codebuild_project",
      "name": "build",
      "provider": "provider.aws.code_primary",
      "instances": [
        {
          "schema_version": 0,
          "attributes": {
            "arn": "arn:aws:codebuild:us-east-1:522857095635:project/aue1c1z1cbdclientnotificationsjobdevelopbuild",
            "artifacts": [
              {
                "artifact_identifier": "",
                "encryption_disabled": false,
                "location": "",
                "name": "aue1c1z1cbdclientnotificationsjobdevelopbuild",
                "namespace_type": "",
                "override_artifact_name": false,
                "packaging": "NONE",
                "path": "",
                "type": "CODEPIPELINE"
              }
            ],
            "badge_enabled": false,
            "badge_url": "",
            "build_timeout": 480,
            "cache": [
              {
                "location": "aue1c1z1s3bclientnotificationsjob/cache/develop",
                "modes": null,
                "type": "S3"
              }
            ],
            "description": "aue1c1z1cbdclientnotificationsjobdevelopbuild",
            "encryption_key": "arn:aws:kms:us-east-1:522857095635:alias/aws/s3",
            "environment": [
              {
                "certificate": "",
                "compute_type": "BUILD_GENERAL1_MEDIUM",
                "environment_variable": [
                  {
                    "name": "GITHUB_BRANCH",
                    "type": "PLAINTEXT",
                    "value": "server-migration"
                  },
                  {
                    "name": "PIPELINE_PURPOSE",
                    "type": "PLAINTEXT",
                    "value": "develop"
                  },
                  {
                    "name": "APPLIC_S3_BUCKET",
                    "type": "PLAINTEXT",
                    "value": "aue1c1z1s3bclientnotificationsjob"
                  },
                  {
                    "name": "NUGET_S3",
                    "type": "PLAINTEXT",
                    "value": "aue1c1z1s3bclientnotificationsjob"
                  }
                ],
                "image": "aws/codebuild/windows-base:2019-1.0",
                "image_pull_credentials_type": "CODEBUILD",
                "privileged_mode": false,
                "registry_credential": [],
                "type": "WINDOWS_SERVER_2019_CONTAINER"
              }
            ],
            "id": "arn:aws:codebuild:us-east-1:522857095635:project/aue1c1z1cbdclientnotificationsjobdevelopbuild",
            "logs_config": [
              {
                "cloudwatch_logs": [
                  {
                    "group_name": "/aws/codebuild/build/aue1c1z1cbdclientnotificationsjobdevelopbuild",
                    "status": "ENABLED",
                    "stream_name": "aue1c1z1cbdclientnotificationsjobdevelopbuild"
                  }
                ],
                "s3_logs": [
                  {
                    "encryption_disabled": false,
                    "location": "",
                    "status": "DISABLED"
                  }
                ]
              }
            ],
            "name": "aue1c1z1cbdclientnotificationsjobdevelopbuild",
            "queued_timeout": 480,
            "secondary_artifacts": [],
            "secondary_sources": [],
            "service_role": "arn:aws:iam::522857095635:role/aue1c1z1iroclientnotificationsjobdevelopassume",
            "source": [
              {
                "auth": [],
                "buildspec": "App.MatrixClientNotifications\\App.MatrixClientNotifications\\buildspec.yml",
                "git_clone_depth": 0,
                "git_submodules_config": [],
                "insecure_ssl": false,
                "location": "",
                "report_build_status": false,
                "type": "CODEPIPELINE"
              }
            ],
            "source_version": "",
            "tags": {
              "Name": "aue1c1z1cbdclientnotificationsjobdevelopbuild",
              "app": "dotnet",
              "creation_app": "terraform",
              "env": "c1",
              "ledger": "unknown",
              "purpose": "build",
              "site": "aue1",
              "tier": "clientnotificationsjobdevelop",
              "zone": "z1"
            },
            "vpc_config": []
          },
          "private": "bnVsbA==",
          "dependencies": [
            "module.develop_pipeline.aws_iam_role.cbd_build",
            "module.primary_bucket.aws_kms_key.code",
            "module.primary_bucket.aws_s3_bucket.code"
          ]
        }
      ]
    },
    {
      "module": "module.release_pipeline",
      "mode": "managed",
      "type": "aws_codebuild_project",
      "name": "build",
      "provider": "provider.aws.code_primary",
      "instances": [
        {
          "schema_version": 0,
          "attributes": {
            "arn": "arn:aws:codebuild:us-east-1:522857095635:project/aue1c1z1cbdclientnotificationsjobreleasebuild",
            "artifacts": [
              {
                "artifact_identifier": "",
                "encryption_disabled": false,
                "location": "",
                "name": "aue1c1z1cbdclientnotificationsjobreleasebuild",
                "namespace_type": "",
                "override_artifact_name": false,
                "packaging": "NONE",
                "path": "",
                "type": "CODEPIPELINE"
              }
            ],
            "badge_enabled": false,
            "badge_url": "",
            "build_timeout": 480,
            "cache": [
              {
                "location": "aue1c1z1s3bclientnotificationsjob/cache/release",
                "modes": null,
                "type": "S3"
              }
            ],
            "description": "aue1c1z1cbdclientnotificationsjobreleasebuild",
            "encryption_key": "arn:aws:kms:us-east-1:522857095635:alias/aws/s3",
            "environment": [
              {
                "certificate": "",
                "compute_type": "BUILD_GENERAL1_MEDIUM",
                "environment_variable": [
                  {
                    "name": "GITHUB_BRANCH",
                    "type": "PLAINTEXT",
                    "value": "server-migration-release"
                  },
                  {
                    "name": "PIPELINE_PURPOSE",
                    "type": "PLAINTEXT",
                    "value": "release"
                  },
                  {
                    "name": "APPLIC_S3_BUCKET",
                    "type": "PLAINTEXT",
                    "value": "aue1c1z1s3bclientnotificationsjob"
                  },
                  {
                    "name": "NUGET_S3",
                    "type": "PLAINTEXT",
                    "value": "aue1c1z1s3bclientnotificationsjob"
                  }
                ],
                "image": "aws/codebuild/windows-base:2019-1.0",
                "image_pull_credentials_type": "CODEBUILD",
                "privileged_mode": false,
                "registry_credential": [],
                "type": "WINDOWS_SERVER_2019_CONTAINER"
              }
            ],
            "id": "arn:aws:codebuild:us-east-1:522857095635:project/aue1c1z1cbdclientnotificationsjobreleasebuild",
            "logs_config": [
              {
                "cloudwatch_logs": [
                  {
                    "group_name": "/aws/codebuild/build/aue1c1z1cbdclientnotificationsjobreleasebuild",
                    "status": "ENABLED",
                    "stream_name": "aue1c1z1cbdclientnotificationsjobreleasebuild"
                  }
                ],
                "s3_logs": [
                  {
                    "encryption_disabled": false,
                    "location": "",
                    "status": "DISABLED"
                  }
                ]
              }
            ],
            "name": "aue1c1z1cbdclientnotificationsjobreleasebuild",
            "queued_timeout": 480,
            "secondary_artifacts": [],
            "secondary_sources": [],
            "service_role": "arn:aws:iam::522857095635:role/aue1c1z1iroclientnotificationsjobreleaseassume",
            "source": [
              {
                "auth": [],
                "buildspec": "App.MatrixClientNotifications\\App.MatrixClientNotifications\\buildspec.yml",
                "git_clone_depth": 0,
                "git_submodules_config": [],
                "insecure_ssl": false,
                "location": "",
                "report_build_status": false,
                "type": "CODEPIPELINE"
              }
            ],
            "source_version": "",
            "tags": {
              "Name": "aue1c1z1cbdclientnotificationsjobreleasebuild",
              "app": "dotnet",
              "creation_app": "terraform",
              "env": "c1",
              "ledger": "unknown",
              "purpose": "build",
              "site": "aue1",
              "tier": "clientnotificationsjobrelease",
              "zone": "z1"
            },
            "vpc_config": []
          },
          "private": "bnVsbA==",
          "dependencies": [
            "module.primary_bucket.aws_kms_key.code",
            "module.primary_bucket.aws_s3_bucket.code",
            "module.release_pipeline.aws_iam_role.cbd_build"
          ]
        }
      ]
    },
    {
      "module": "module.develop_pipeline",
      "mode": "managed",
      "type": "aws_codedeploy_app",
      "name": "primary_deploy",
      "provider": "provider.aws.dev_primary",
      "instances": [
        {
          "schema_version": 0,
          "attributes": {
            "compute_platform": "Server",
            "id": "34bedf35-0e0a-497b-8939-1f8451ba56e5:aue1d1z1cdaclientnotificationsjobdevelopdeploy",
            "name": "aue1d1z1cdaclientnotificationsjobdevelopdeploy",
            "unique_id": null
          },
          "private": "bnVsbA=="
        }
      ]
    },
    {
      "module": "module.release_pipeline",
      "mode": "managed",
      "type": "aws_codedeploy_app",
      "name": "production_primary_deploy",
      "provider": "provider.aws.prd_primary",
      "instances": [
        {
          "schema_version": 0,
          "attributes": {
            "compute_platform": "Server",
            "id": "e2c5aafe-988c-4892-b7fe-a1c7a714736a:aue1p1z1cdaclientnotificationsjobreleasedeploy",
            "name": "aue1p1z1cdaclientnotificationsjobreleasedeploy",
            "unique_id": null
          },
          "private": "bnVsbA=="
        }
      ]
    },
    {
      "module": "module.release_pipeline",
      "mode": "managed",
      "type": "aws_codedeploy_app",
      "name": "production_secondary_deploy",
      "provider": "provider.aws.prd_secondary",
      "instances": [
        {
          "schema_version": 0,
          "attributes": {
            "compute_platform": "Server",
            "id": "9e0627c4-2512-4c14-bc5f-766ca2466620:auw2p1z1cdaclientnotificationsjobreleasedeploy",
            "name": "auw2p1z1cdaclientnotificationsjobreleasedeploy",
            "unique_id": null
          },
          "private": "bnVsbA=="
        }
      ]
    },
    {
      "module": "module.develop_pipeline",
      "mode": "managed",
      "type": "aws_codedeploy_app",
      "name": "secondary_deploy",
      "provider": "provider.aws.dev_secondary",
      "instances": [
        {
          "schema_version": 0,
          "attributes": {
            "compute_platform": "Server",
            "id": "50a81756-a22f-412d-b6ea-2edd4d7c626f:auw2d1z1cdaclientnotificationsjobdevelopdeploy",
            "name": "auw2d1z1cdaclientnotificationsjobdevelopdeploy",
            "unique_id": null
          },
          "private": "bnVsbA=="
        }
      ]
    },
    {
      "module": "module.release_pipeline",
      "mode": "managed",
      "type": "aws_codedeploy_app",
      "name": "test_primary_deploy",
      "provider": "provider.aws.tst_primary",
      "instances": [
        {
          "schema_version": 0,
          "attributes": {
            "compute_platform": "Server",
            "id": "2fd1abf2-5a9f-4df9-b94b-a41f6c03dea9:aue1t1z1cdaclientnotificationsjobreleasedeploy",
            "name": "aue1t1z1cdaclientnotificationsjobreleasedeploy",
            "unique_id": null
          },
          "private": "bnVsbA=="
        }
      ]
    },
    {
      "module": "module.release_pipeline",
      "mode": "managed",
      "type": "aws_codedeploy_app",
      "name": "test_secondary_deploy",
      "provider": "provider.aws.tst_secondary",
      "instances": [
        {
          "schema_version": 0,
          "attributes": {
            "compute_platform": "Server",
            "id": "a94a99f5-14ea-474b-95dc-0c987b542577:auw2t1z1cdaclientnotificationsjobreleasedeploy",
            "name": "auw2t1z1cdaclientnotificationsjobreleasedeploy",
            "unique_id": null
          },
          "private": "bnVsbA=="
        }
      ]
    },
    {
      "module": "module.develop_pipeline",
      "mode": "managed",
      "type": "aws_codedeploy_deployment_group",
      "name": "primary_deploy",
      "provider": "provider.aws.dev_primary",
      "instances": [
        {
          "schema_version": 0,
          "attributes": {
            "alarm_configuration": [],
            "app_name": "aue1d1z1cdaclientnotificationsjobdevelopdeploy",
            "auto_rollback_configuration": [],
            "autoscaling_groups": null,
            "blue_green_deployment_config": [],
            "deployment_config_name": "CodeDeployDefault.OneAtATime",
            "deployment_group_name": "aue1d1z1cdgclientnotificationsjobdevelopdeploy",
            "deployment_style": [
              {
                "deployment_option": "WITHOUT_TRAFFIC_CONTROL",
                "deployment_type": "IN_PLACE"
              }
            ],
            "ec2_tag_filter": [],
            "ec2_tag_set": [
              {
                "ec2_tag_filter": [
                  {
                    "key": "app",
                    "type": "KEY_AND_VALUE",
                    "value": "dotnet"
                  }
                ]
              },
              {
                "ec2_tag_filter": [
                  {
                    "key": "env",
                    "type": "KEY_AND_VALUE",
                    "value": "d1"
                  }
                ]
              },
              {
                "ec2_tag_filter": [
                  {
                    "key": "purpose",
                    "type": "KEY_AND_VALUE",
                    "value": "job"
                  }
                ]
              }
            ],
            "ecs_service": [],
            "id": "30c03ed1-5d0f-410f-aaab-c82f0c9a1b3a",
            "load_balancer_info": [],
            "on_premises_instance_tag_filter": [],
            "service_role_arn": "arn:aws:iam::714767054201:role/aue1d1z1iroclientnotificationsjobdevelopdeploy",
            "trigger_configuration": []
          },
          "private": "bnVsbA==",
          "dependencies": [
            "module.develop_pipeline.aws_codedeploy_app.primary_deploy",
            "module.develop_pipeline.aws_iam_role.primary_deploy"
          ]
        }
      ]
    },
    {
      "module": "module.release_pipeline",
      "mode": "managed",
      "type": "aws_codedeploy_deployment_group",
      "name": "production_primary_deploy",
      "provider": "provider.aws.prd_primary",
      "instances": [
        {
          "schema_version": 0,
          "attributes": {
            "alarm_configuration": [],
            "app_name": "aue1p1z1cdaclientnotificationsjobreleasedeploy",
            "auto_rollback_configuration": [],
            "autoscaling_groups": null,
            "blue_green_deployment_config": [],
            "deployment_config_name": "CodeDeployDefault.OneAtATime",
            "deployment_group_name": "aue1p1z1cdgclientnotificationsjobreleasedeploy",
            "deployment_style": [
              {
                "deployment_option": "WITHOUT_TRAFFIC_CONTROL",
                "deployment_type": "IN_PLACE"
              }
            ],
            "ec2_tag_filter": [],
            "ec2_tag_set": [
              {
                "ec2_tag_filter": [
                  {
                    "key": "app",
                    "type": "KEY_AND_VALUE",
                    "value": "dotnet"
                  }
                ]
              },
              {
                "ec2_tag_filter": [
                  {
                    "key": "env",
                    "type": "KEY_AND_VALUE",
                    "value": "p1"
                  }
                ]
              },
              {
                "ec2_tag_filter": [
                  {
                    "key": "purpose",
                    "type": "KEY_AND_VALUE",
                    "value": "job"
                  }
                ]
              }
            ],
            "ecs_service": [],
            "id": "d95a1cbb-69b6-404d-9f6c-69fe21f6956f",
            "load_balancer_info": [],
            "on_premises_instance_tag_filter": [],
            "service_role_arn": "arn:aws:iam::717545809501:role/aue1p1z1iroclientnotificationsjobreleasedeploy",
            "trigger_configuration": []
          },
          "private": "bnVsbA==",
          "dependencies": [
            "module.release_pipeline.aws_codedeploy_app.production_primary_deploy",
            "module.release_pipeline.aws_iam_role.production_primary_deploy"
          ]
        }
      ]
    },
    {
      "module": "module.release_pipeline",
      "mode": "managed",
      "type": "aws_codedeploy_deployment_group",
      "name": "production_secondary_deploy",
      "provider": "provider.aws.prd_secondary",
      "instances": [
        {
          "schema_version": 0,
          "attributes": {
            "alarm_configuration": [],
            "app_name": "auw2p1z1cdaclientnotificationsjobreleasedeploy",
            "auto_rollback_configuration": [],
            "autoscaling_groups": null,
            "blue_green_deployment_config": [],
            "deployment_config_name": "CodeDeployDefault.OneAtATime",
            "deployment_group_name": "auw2p1z1cdgclientnotificationsjobreleasedeploy",
            "deployment_style": [
              {
                "deployment_option": "WITHOUT_TRAFFIC_CONTROL",
                "deployment_type": "IN_PLACE"
              }
            ],
            "ec2_tag_filter": [],
            "ec2_tag_set": [
              {
                "ec2_tag_filter": [
                  {
                    "key": "app",
                    "type": "KEY_AND_VALUE",
                    "value": "dotnet"
                  }
                ]
              },
              {
                "ec2_tag_filter": [
                  {
                    "key": "env",
                    "type": "KEY_AND_VALUE",
                    "value": "p1"
                  }
                ]
              },
              {
                "ec2_tag_filter": [
                  {
                    "key": "purpose",
                    "type": "KEY_AND_VALUE",
                    "value": "job"
                  }
                ]
              }
            ],
            "ecs_service": [],
            "id": "50b49cba-d4a4-4857-afb8-b268554c0782",
            "load_balancer_info": [],
            "on_premises_instance_tag_filter": [],
            "service_role_arn": "arn:aws:iam::717545809501:role/auw2p1z1iroclientnotificationsjobreleasedeploy",
            "trigger_configuration": []
          },
          "private": "bnVsbA==",
          "dependencies": [
            "module.release_pipeline.aws_codedeploy_app.production_secondary_deploy",
            "module.release_pipeline.aws_iam_role.production_secondary_deploy"
          ]
        }
      ]
    },
    {
      "module": "module.develop_pipeline",
      "mode": "managed",
      "type": "aws_codedeploy_deployment_group",
      "name": "secondary_deploy",
      "provider": "provider.aws.dev_secondary",
      "instances": [
        {
          "schema_version": 0,
          "attributes": {
            "alarm_configuration": [],
            "app_name": "auw2d1z1cdaclientnotificationsjobdevelopdeploy",
            "auto_rollback_configuration": [],
            "autoscaling_groups": null,
            "blue_green_deployment_config": [],
            "deployment_config_name": "CodeDeployDefault.OneAtATime",
            "deployment_group_name": "auw2d1z1cdgclientnotificationsjobdevelopdeploy",
            "deployment_style": [
              {
                "deployment_option": "WITHOUT_TRAFFIC_CONTROL",
                "deployment_type": "IN_PLACE"
              }
            ],
            "ec2_tag_filter": [],
            "ec2_tag_set": [
              {
                "ec2_tag_filter": [
                  {
                    "key": "app",
                    "type": "KEY_AND_VALUE",
                    "value": "dotnet"
                  }
                ]
              },
              {
                "ec2_tag_filter": [
                  {
                    "key": "env",
                    "type": "KEY_AND_VALUE",
                    "value": "d1"
                  }
                ]
              },
              {
                "ec2_tag_filter": [
                  {
                    "key": "purpose",
                    "type": "KEY_AND_VALUE",
                    "value": "job"
                  }
                ]
              }
            ],
            "ecs_service": [],
            "id": "325a90d6-2ac6-496c-becb-b60b1e067444",
            "load_balancer_info": [],
            "on_premises_instance_tag_filter": [],
            "service_role_arn": "arn:aws:iam::714767054201:role/auw2d1z1iroclientnotificationsjobdevelopdeploy",
            "trigger_configuration": []
          },
          "private": "bnVsbA==",
          "dependencies": [
            "module.develop_pipeline.aws_codedeploy_app.secondary_deploy",
            "module.develop_pipeline.aws_iam_role.secondary_deploy"
          ]
        }
      ]
    },
    {
      "module": "module.release_pipeline",
      "mode": "managed",
      "type": "aws_codedeploy_deployment_group",
      "name": "test_primary_deploy",
      "provider": "provider.aws.tst_primary",
      "instances": [
        {
          "schema_version": 0,
          "attributes": {
            "alarm_configuration": [],
            "app_name": "aue1t1z1cdaclientnotificationsjobreleasedeploy",
            "auto_rollback_configuration": [],
            "autoscaling_groups": null,
            "blue_green_deployment_config": [],
            "deployment_config_name": "CodeDeployDefault.OneAtATime",
            "deployment_group_name": "aue1t1z1cdgclientnotificationsjobreleasedeploy",
            "deployment_style": [
              {
                "deployment_option": "WITHOUT_TRAFFIC_CONTROL",
                "deployment_type": "IN_PLACE"
              }
            ],
            "ec2_tag_filter": [],
            "ec2_tag_set": [
              {
                "ec2_tag_filter": [
                  {
                    "key": "app",
                    "type": "KEY_AND_VALUE",
                    "value": "dotnet"
                  }
                ]
              },
              {
                "ec2_tag_filter": [
                  {
                    "key": "env",
                    "type": "KEY_AND_VALUE",
                    "value": "t1"
                  }
                ]
              },
              {
                "ec2_tag_filter": [
                  {
                    "key": "purpose",
                    "type": "KEY_AND_VALUE",
                    "value": "job"
                  }
                ]
              }
            ],
            "ecs_service": [],
            "id": "7d6a9e67-bd58-4868-a913-514c1e57c805",
            "load_balancer_info": [],
            "on_premises_instance_tag_filter": [],
            "service_role_arn": "arn:aws:iam::607145767122:role/aue1t1z1iroclientnotificationsjobreleasedeploy",
            "trigger_configuration": []
          },
          "private": "bnVsbA==",
          "dependencies": [
            "module.release_pipeline.aws_codedeploy_app.test_primary_deploy",
            "module.release_pipeline.aws_iam_role.test_primary_deploy"
          ]
        }
      ]
    },
    {
      "module": "module.release_pipeline",
      "mode": "managed",
      "type": "aws_codedeploy_deployment_group",
      "name": "test_secondary_deploy",
      "provider": "provider.aws.tst_secondary",
      "instances": [
        {
          "schema_version": 0,
          "attributes": {
            "alarm_configuration": [],
            "app_name": "auw2t1z1cdaclientnotificationsjobreleasedeploy",
            "auto_rollback_configuration": [],
            "autoscaling_groups": null,
            "blue_green_deployment_config": [],
            "deployment_config_name": "CodeDeployDefault.OneAtATime",
            "deployment_group_name": "auw2t1z1cdgclientnotificationsjobreleasedeploy",
            "deployment_style": [
              {
                "deployment_option": "WITHOUT_TRAFFIC_CONTROL",
                "deployment_type": "IN_PLACE"
              }
            ],
            "ec2_tag_filter": [],
            "ec2_tag_set": [
              {
                "ec2_tag_filter": [
                  {
                    "key": "app",
                    "type": "KEY_AND_VALUE",
                    "value": "dotnet"
                  }
                ]
              },
              {
                "ec2_tag_filter": [
                  {
                    "key": "env",
                    "type": "KEY_AND_VALUE",
                    "value": "t1"
                  }
                ]
              },
              {
                "ec2_tag_filter": [
                  {
                    "key": "purpose",
                    "type": "KEY_AND_VALUE",
                    "value": "job"
                  }
                ]
              }
            ],
            "ecs_service": [],
            "id": "843d8f3d-44d9-4f81-a4cc-c1d4a26a611e",
            "load_balancer_info": [],
            "on_premises_instance_tag_filter": [],
            "service_role_arn": "arn:aws:iam::607145767122:role/auw2t1z1iroclientnotificationsjobreleasedeploy",
            "trigger_configuration": []
          },
          "private": "bnVsbA==",
          "dependencies": [
            "module.release_pipeline.aws_codedeploy_app.test_secondary_deploy",
            "module.release_pipeline.aws_iam_role.test_secondary_deploy"
          ]
        }
      ]
    },
    {
      "module": "module.develop_pipeline",
      "mode": "managed",
      "type": "aws_codepipeline",
      "name": "develop",
      "provider": "provider.aws.code_primary",
      "instances": [
        {
          "schema_version": 0,
          "attributes": {
            "arn": "arn:aws:codepipeline:us-east-1:522857095635:aue1c1z1cplclientnotificationsjobdevelop",
            "artifact_store": [
              {
                "encryption_key": [
                  {
                    "id": "arn:aws:kms:us-east-1:522857095635:key/8e6c7ecf-3302-43cc-8171-23201703af5b",
                    "type": "KMS"
                  }
                ],
                "location": "aue1c1z1s3bclientnotificationsjob",
                "region": "us-east-1",
                "type": "S3"
              },
              {
                "encryption_key": [
                  {
                    "id": "arn:aws:kms:us-west-2:522857095635:key/cf77878b-34ce-4e56-806d-f4b1f4398879",
                    "type": "KMS"
                  }
                ],
                "location": "auw2c1z1s3bclientnotificationsjob",
                "region": "us-west-2",
                "type": "S3"
              }
            ],
            "id": "aue1c1z1cplclientnotificationsjobdevelop",
            "name": "aue1c1z1cplclientnotificationsjobdevelop",
            "role_arn": "arn:aws:iam::522857095635:role/aue1c1z1iroclientnotificationsjobdevelop",
            "stage": [
              {
                "action": [
                  {
                    "category": "Source",
                    "configuration": {
                      "Branch": "server-migration",
                      "OAuthToken": "hash-78be6c610ddddfe0c7035d390a3ccd7c7bde52f300851d09d7deadb470e57f28",
                      "Owner": "BrightMLS",
                      "PollForSourceChanges": "false",
                      "Repo": "App.MatrixClientNotifications"
                    },
                    "input_artifacts": null,
                    "name": "Source",
                    "namespace": "",
                    "output_artifacts": [
                      "source"
                    ],
                    "owner": "ThirdParty",
                    "provider": "GitHub",
                    "region": "",
                    "role_arn": "",
                    "run_order": 1,
                    "version": "1"
                  }
                ],
                "name": "Source"
              },
              {
                "action": [
                  {
                    "category": "Build",
                    "configuration": {
                      "ProjectName": "aue1c1z1cbdclientnotificationsjobdevelopbuild"
                    },
                    "input_artifacts": [
                      "source"
                    ],
                    "name": "Build",
                    "namespace": "",
                    "output_artifacts": [
                      "build",
                      "codedeploy"
                    ],
                    "owner": "AWS",
                    "provider": "CodeBuild",
                    "region": "",
                    "role_arn": "",
                    "run_order": 1,
                    "version": "1"
                  }
                ],
                "name": "Build"
              },
              {
                "action": [
                  {
                    "category": "Deploy",
                    "configuration": {
                      "ApplicationName": "aue1d1z1cdaclientnotificationsjobdevelopdeploy",
                      "DeploymentGroupName": "aue1d1z1cdgclientnotificationsjobdevelopdeploy"
                    },
                    "input_artifacts": [
                      "codedeploy"
                    ],
                    "name": "aue1d1_Deploy",
                    "namespace": "",
                    "output_artifacts": [],
                    "owner": "AWS",
                    "provider": "CodeDeploy",
                    "region": "us-east-1",
                    "role_arn": "arn:aws:iam::714767054201:role/aue1d1z1iroclientnotificationsjobdevelopdeploy",
                    "run_order": 1,
                    "version": "1"
                  },
                  {
                    "category": "Deploy",
                    "configuration": {
                      "ApplicationName": "auw2d1z1cdaclientnotificationsjobdevelopdeploy",
                      "DeploymentGroupName": "auw2d1z1cdgclientnotificationsjobdevelopdeploy"
                    },
                    "input_artifacts": [
                      "codedeploy"
                    ],
                    "name": "auw2d1_Deploy",
                    "namespace": "",
                    "output_artifacts": [],
                    "owner": "AWS",
                    "provider": "CodeDeploy",
                    "region": "us-west-2",
                    "role_arn": "arn:aws:iam::714767054201:role/auw2d1z1iroclientnotificationsjobdevelopdeploy",
                    "run_order": 1,
                    "version": "1"
                  }
                ],
                "name": "Deploy"
              }
            ],
            "tags": {
              "Name": "aue1c1z1cplclientnotificationsjobdevelop",
              "app": "dotnet",
              "creation_app": "terraform",
              "env": "c1",
              "ledger": "unknown",
              "site": "aue1",
              "tier": "clientnotificationsjobdevelop",
              "zone": "z1"
            }
          },
          "private": "bnVsbA==",
          "dependencies": [
            "module.develop_pipeline.aws_codebuild_project.build",
            "module.develop_pipeline.aws_codedeploy_app.primary_deploy",
            "module.develop_pipeline.aws_codedeploy_app.secondary_deploy",
            "module.develop_pipeline.aws_codedeploy_deployment_group.primary_deploy",
            "module.develop_pipeline.aws_codedeploy_deployment_group.secondary_deploy",
            "module.develop_pipeline.aws_iam_role.cbd_build",
            "module.develop_pipeline.aws_iam_role.cpl_role",
            "module.develop_pipeline.aws_iam_role.primary_deploy",
            "module.develop_pipeline.aws_iam_role.secondary_deploy",
            "module.primary_bucket.aws_kms_key.code",
            "module.primary_bucket.aws_s3_bucket.code",
            "module.secondary_bucket.aws_kms_key.code",
            "module.secondary_bucket.aws_s3_bucket.code"
          ]
        }
      ]
    },
    {
      "module": "module.release_pipeline",
      "mode": "managed",
      "type": "aws_codepipeline",
      "name": "develop",
      "provider": "provider.aws.code_primary",
      "instances": [
        {
          "schema_version": 0,
          "attributes": {
            "arn": "arn:aws:codepipeline:us-east-1:522857095635:aue1c1z1cplclientnotificationsjobrelease",
            "artifact_store": [
              {
                "encryption_key": [
                  {
                    "id": "arn:aws:kms:us-east-1:522857095635:key/8e6c7ecf-3302-43cc-8171-23201703af5b",
                    "type": "KMS"
                  }
                ],
                "location": "aue1c1z1s3bclientnotificationsjob",
                "region": "us-east-1",
                "type": "S3"
              },
              {
                "encryption_key": [
                  {
                    "id": "arn:aws:kms:us-west-2:522857095635:key/cf77878b-34ce-4e56-806d-f4b1f4398879",
                    "type": "KMS"
                  }
                ],
                "location": "auw2c1z1s3bclientnotificationsjob",
                "region": "us-west-2",
                "type": "S3"
              }
            ],
            "id": "aue1c1z1cplclientnotificationsjobrelease",
            "name": "aue1c1z1cplclientnotificationsjobrelease",
            "role_arn": "arn:aws:iam::522857095635:role/aue1c1z1iroclientnotificationsjobrelease",
            "stage": [
              {
                "action": [
                  {
                    "category": "Source",
                    "configuration": {
                      "Branch": "server-migration-release",
                      "OAuthToken": "hash-78be6c610ddddfe0c7035d390a3ccd7c7bde52f300851d09d7deadb470e57f28",
                      "Owner": "BrightMLS",
                      "PollForSourceChanges": "false",
                      "Repo": "App.MatrixClientNotifications"
                    },
                    "input_artifacts": null,
                    "name": "Source",
                    "namespace": "",
                    "output_artifacts": [
                      "source"
                    ],
                    "owner": "ThirdParty",
                    "provider": "GitHub",
                    "region": "",
                    "role_arn": "",
                    "run_order": 1,
                    "version": "1"
                  }
                ],
                "name": "Source"
              },
              {
                "action": [
                  {
                    "category": "Build",
                    "configuration": {
                      "ProjectName": "aue1c1z1cbdclientnotificationsjobreleasebuild"
                    },
                    "input_artifacts": [
                      "source"
                    ],
                    "name": "Build",
                    "namespace": "",
                    "output_artifacts": [
                      "build",
                      "codedeploy"
                    ],
                    "owner": "AWS",
                    "provider": "CodeBuild",
                    "region": "",
                    "role_arn": "",
                    "run_order": 1,
                    "version": "1"
                  }
                ],
                "name": "Build"
              },
              {
                "action": [
                  {
                    "category": "Approval",
                    "configuration": null,
                    "input_artifacts": null,
                    "name": "t1_Approval",
                    "namespace": "",
                    "output_artifacts": null,
                    "owner": "AWS",
                    "provider": "Manual",
                    "region": "",
                    "role_arn": "",
                    "run_order": 1,
                    "version": "1"
                  }
                ],
                "name": "t1_Approval"
              },
              {
                "action": [
                  {
                    "category": "Deploy",
                    "configuration": {
                      "ApplicationName": "aue1t1z1cdaclientnotificationsjobreleasedeploy",
                      "DeploymentGroupName": "aue1t1z1cdgclientnotificationsjobreleasedeploy"
                    },
                    "input_artifacts": [
                      "codedeploy"
                    ],
                    "name": "aue1t1_Deploy",
                    "namespace": "",
                    "output_artifacts": [],
                    "owner": "AWS",
                    "provider": "CodeDeploy",
                    "region": "us-east-1",
                    "role_arn": "arn:aws:iam::607145767122:role/aue1t1z1iroclientnotificationsjobreleasedeploy",
                    "run_order": 1,
                    "version": "1"
                  },
                  {
                    "category": "Deploy",
                    "configuration": {
                      "ApplicationName": "auw2t1z1cdaclientnotificationsjobreleasedeploy",
                      "DeploymentGroupName": "auw2t1z1cdgclientnotificationsjobreleasedeploy"
                    },
                    "input_artifacts": [
                      "codedeploy"
                    ],
                    "name": "auw2t1_Deploy",
                    "namespace": "",
                    "output_artifacts": [],
                    "owner": "AWS",
                    "provider": "CodeDeploy",
                    "region": "us-west-2",
                    "role_arn": "arn:aws:iam::607145767122:role/auw2t1z1iroclientnotificationsjobreleasedeploy",
                    "run_order": 1,
                    "version": "1"
                  }
                ],
                "name": "t1_Deploy"
              },
              {
                "action": [
                  {
                    "category": "Approval",
                    "configuration": null,
                    "input_artifacts": null,
                    "name": "auw2p1_Approval",
                    "namespace": "",
                    "output_artifacts": null,
                    "owner": "AWS",
                    "provider": "Manual",
                    "region": "",
                    "role_arn": "",
                    "run_order": 1,
                    "version": "1"
                  }
                ],
                "name": "auw2p1_Approval"
              },
              {
                "action": [
                  {
                    "category": "Deploy",
                    "configuration": {
                      "ApplicationName": "auw2p1z1cdaclientnotificationsjobreleasedeploy",
                      "DeploymentGroupName": "auw2p1z1cdgclientnotificationsjobreleasedeploy"
                    },
                    "input_artifacts": [
                      "codedeploy"
                    ],
                    "name": "auw2p1_Deploy",
                    "namespace": "",
                    "output_artifacts": [],
                    "owner": "AWS",
                    "provider": "CodeDeploy",
                    "region": "us-west-2",
                    "role_arn": "arn:aws:iam::717545809501:role/auw2p1z1iroclientnotificationsjobreleasedeploy",
                    "run_order": 1,
                    "version": "1"
                  }
                ],
                "name": "auw2p1_Deploy"
              },
              {
                "action": [
                  {
                    "category": "Approval",
                    "configuration": null,
                    "input_artifacts": null,
                    "name": "aue1p1_Approval",
                    "namespace": "",
                    "output_artifacts": null,
                    "owner": "AWS",
                    "provider": "Manual",
                    "region": "",
                    "role_arn": "",
                    "run_order": 1,
                    "version": "1"
                  }
                ],
                "name": "aue1p1_Approval"
              },
              {
                "action": [
                  {
                    "category": "Deploy",
                    "configuration": {
                      "ApplicationName": "aue1p1z1cdaclientnotificationsjobreleasedeploy",
                      "DeploymentGroupName": "aue1p1z1cdgclientnotificationsjobreleasedeploy"
                    },
                    "input_artifacts": [
                      "codedeploy"
                    ],
                    "name": "aue1p1_Deploy",
                    "namespace": "",
                    "output_artifacts": [],
                    "owner": "AWS",
                    "provider": "CodeDeploy",
                    "region": "us-east-1",
                    "role_arn": "arn:aws:iam::717545809501:role/aue1p1z1iroclientnotificationsjobreleasedeploy",
                    "run_order": 1,
                    "version": "1"
                  }
                ],
                "name": "aue1p1_Deploy"
              }
            ],
            "tags": {
              "Name": "aue1c1z1cplclientnotificationsjobrelease",
              "app": "dotnet",
              "creation_app": "terraform",
              "env": "c1",
              "ledger": "unknown",
              "site": "aue1",
              "tier": "clientnotificationsjobrelease",
              "zone": "z1"
            }
          },
          "private": "bnVsbA==",
          "dependencies": [
            "module.primary_bucket.aws_kms_key.code",
            "module.primary_bucket.aws_s3_bucket.code",
            "module.release_pipeline.aws_codebuild_project.build",
            "module.release_pipeline.aws_codedeploy_app.production_primary_deploy",
            "module.release_pipeline.aws_codedeploy_app.production_secondary_deploy",
            "module.release_pipeline.aws_codedeploy_app.test_primary_deploy",
            "module.release_pipeline.aws_codedeploy_app.test_secondary_deploy",
            "module.release_pipeline.aws_codedeploy_deployment_group.production_primary_deploy",
            "module.release_pipeline.aws_codedeploy_deployment_group.production_secondary_deploy",
            "module.release_pipeline.aws_codedeploy_deployment_group.test_primary_deploy",
            "module.release_pipeline.aws_codedeploy_deployment_group.test_secondary_deploy",
            "module.release_pipeline.aws_iam_role.cbd_build",
            "module.release_pipeline.aws_iam_role.cpl_role",
            "module.release_pipeline.aws_iam_role.production_primary_deploy",
            "module.release_pipeline.aws_iam_role.production_secondary_deploy",
            "module.release_pipeline.aws_iam_role.test_primary_deploy",
            "module.release_pipeline.aws_iam_role.test_secondary_deploy",
            "module.secondary_bucket.aws_kms_key.code",
            "module.secondary_bucket.aws_s3_bucket.code"
          ]
        }
      ]
    },
    {
      "module": "module.develop_pipeline",
      "mode": "managed",
      "type": "aws_codepipeline_webhook",
      "name": "develop",
      "provider": "provider.aws",
      "instances": [
        {
          "schema_version": 0,
          "attributes": {
            "authentication": "GITHUB_HMAC",
            "authentication_configuration": [
              {
                "allowed_ip_range": "",
                "secret_token": "PVmUdx2FV5myVSkN0C7LjYs6k1M402ytt7smq7EAwwLvEVAtKX"
              }
            ],
            "filter": [
              {
                "json_path": "$.ref",
                "match_equals": "refs/heads/server-migration"
              }
            ],
            "id": "arn:aws:codepipeline:us-east-1:522857095635:webhook:aue1c1z1cplclientnotificationsjobdevelopgithubwebhook",
            "name": "aue1c1z1cplclientnotificationsjobdevelopgithubwebhook",
            "tags": null,
            "target_action": "Source",
            "target_pipeline": "aue1c1z1cplclientnotificationsjobdevelop",
            "url": "https://us-east-1.webhooks.aws/trigger?t=eyJlbmNyeXB0ZWREYXRhIjoiVUxhU254SC94b1NYUXdHTjRxWGNnR2o4YlhSaGRJVDEvUjFOc1o5MUZiMWdqYWtvWXB0b3JSMzhWSWgvRHpNQ05nLzJybkM5NDI4ZmVic0s2SGRhWTdMaWVkZ3BBWDZoMm1aZkdjTmpSa0VXK25jbTdIUHRaQy9FdE51YmEyU2FpSTFTU0xaVndSLzBOMVNDSE5DVUdOajgybFpaVy8yYlJ6QWRhYWl5ZnRsNXhBPT0iLCJpdlBhcmFtZXRlclNwZWMiOiI3ZkFrWElSbmx1cWFObWpnIiwibWF0ZXJpYWxTZXRTZXJpYWwiOjF9\u0026v=1"
          },
          "private": "bnVsbA==",
          "dependencies": [
            "module.develop_pipeline.aws_codebuild_project.build",
            "module.develop_pipeline.aws_codedeploy_app.primary_deploy",
            "module.develop_pipeline.aws_codedeploy_app.secondary_deploy",
            "module.develop_pipeline.aws_codedeploy_deployment_group.primary_deploy",
            "module.develop_pipeline.aws_codedeploy_deployment_group.secondary_deploy",
            "module.develop_pipeline.aws_codepipeline.develop",
            "module.develop_pipeline.aws_iam_role.cbd_build",
            "module.develop_pipeline.aws_iam_role.cpl_role",
            "module.develop_pipeline.aws_iam_role.primary_deploy",
            "module.develop_pipeline.aws_iam_role.secondary_deploy",
            "module.develop_pipeline.random_string.develop_webhook",
            "module.primary_bucket.aws_kms_key.code",
            "module.primary_bucket.aws_s3_bucket.code",
            "module.secondary_bucket.aws_kms_key.code",
            "module.secondary_bucket.aws_s3_bucket.code"
          ]
        }
      ]
    },
    {
      "module": "module.release_pipeline",
      "mode": "managed",
      "type": "aws_codepipeline_webhook",
      "name": "develop",
      "provider": "provider.aws",
      "instances": [
        {
          "schema_version": 0,
          "attributes": {
            "authentication": "GITHUB_HMAC",
            "authentication_configuration": [
              {
                "allowed_ip_range": "",
                "secret_token": "Knj3aKeyn5ETBpFBeMjli9FtmuFRSxE30lH82Jo8eR4X1eb2de"
              }
            ],
            "filter": [
              {
                "json_path": "$.ref",
                "match_equals": "refs/heads/server-migration-release"
              }
            ],
            "id": "arn:aws:codepipeline:us-east-1:522857095635:webhook:aue1c1z1cplclientnotificationsjobreleasegithubwebhook",
            "name": "aue1c1z1cplclientnotificationsjobreleasegithubwebhook",
            "tags": null,
            "target_action": "Source",
            "target_pipeline": "aue1c1z1cplclientnotificationsjobrelease",
            "url": "https://us-east-1.webhooks.aws/trigger?t=eyJlbmNyeXB0ZWREYXRhIjoiYVJxL1ZmQXRtdnBkVkJmR1ZsTHNNQ2hWVk8wN2dRQ2JrNUtYUlN2bXV6RzI2anUrYThJMFhmb0RaQXIzK2tGT1c5RitJa2owWE56Tm15YjMrWDhPWFhhU09lRXJaSnlJTnZKZjdoRHZhVTRVZnc4TXcwZWM5aHZiVm43WDhjendFZWVEWlhRUTVYUFBkOUdrdjJLbkJvSXJHRUp4bWpqT29OY1NOdXVDR0pPbE9nPT0iLCJpdlBhcmFtZXRlclNwZWMiOiJWUjE5Q3hXSm1GTjFOdkl5IiwibWF0ZXJpYWxTZXRTZXJpYWwiOjF9\u0026v=1"
          },
          "private": "bnVsbA==",
          "dependencies": [
            "module.primary_bucket.aws_kms_key.code",
            "module.primary_bucket.aws_s3_bucket.code",
            "module.release_pipeline.aws_codebuild_project.build",
            "module.release_pipeline.aws_codedeploy_app.production_primary_deploy",
            "module.release_pipeline.aws_codedeploy_app.production_secondary_deploy",
            "module.release_pipeline.aws_codedeploy_app.test_primary_deploy",
            "module.release_pipeline.aws_codedeploy_app.test_secondary_deploy",
            "module.release_pipeline.aws_codedeploy_deployment_group.production_primary_deploy",
            "module.release_pipeline.aws_codedeploy_deployment_group.production_secondary_deploy",
            "module.release_pipeline.aws_codedeploy_deployment_group.test_primary_deploy",
            "module.release_pipeline.aws_codedeploy_deployment_group.test_secondary_deploy",
            "module.release_pipeline.aws_codepipeline.develop",
            "module.release_pipeline.aws_iam_role.cbd_build",
            "module.release_pipeline.aws_iam_role.cpl_role",
            "module.release_pipeline.aws_iam_role.production_primary_deploy",
            "module.release_pipeline.aws_iam_role.production_secondary_deploy",
            "module.release_pipeline.aws_iam_role.test_primary_deploy",
            "module.release_pipeline.aws_iam_role.test_secondary_deploy",
            "module.release_pipeline.random_string.develop_webhook",
            "module.secondary_bucket.aws_kms_key.code",
            "module.secondary_bucket.aws_s3_bucket.code"
          ]
        }
      ]
    },
    {
      "module": "module.develop_pipeline",
      "mode": "managed",
      "type": "aws_iam_policy",
      "name": "cbd_build",
      "provider": "provider.aws.code_primary",
      "instances": [
        {
          "schema_version": 0,
          "attributes": {
            "arn": "arn:aws:iam::522857095635:policy/aue1c1z1irpclientnotificationsjobdevelopbuild",
            "description": "Standard Build Access policy for aue1c1z1irpclientnotificationsjobdevelopbuild",
            "id": "arn:aws:iam::522857095635:policy/aue1c1z1irpclientnotificationsjobdevelopbuild",
            "name": "aue1c1z1irpclientnotificationsjobdevelopbuild",
            "name_prefix": null,
            "path": "/",
            "policy": "{\n  \"Version\": \"2012-10-17\",\n  \"Statement\": [\n    {\n      \"Sid\": \"\",\n      \"Effect\": \"Allow\",\n      \"Action\": [\n        \"logs:PutLogEvents\",\n        \"logs:CreateLogStream\",\n        \"logs:CreateLogGroup\",\n        \"ec2:DescribeVpcs\",\n        \"ec2:DescribeSubnets\",\n        \"ec2:DescribeSecurityGroups\",\n        \"ec2:DescribeNetworkInterfaces\",\n        \"ec2:DescribeDhcpOptions\",\n        \"ec2:DeleteNetworkInterface\",\n        \"ec2:CreateNetworkInterfacePermission\",\n        \"ec2:CreateNetworkInterface\"\n      ],\n      \"Resource\": \"*\"\n    },\n    {\n      \"Sid\": \"\",\n      \"Effect\": \"Allow\",\n      \"Action\": \"s3:*\",\n      \"Resource\": [\n        \"arn:aws:s3:::auw2c1z1s3bclientnotificationsjob/*\",\n        \"arn:aws:s3:::auw2c1z1s3bclientnotificationsjob\",\n        \"arn:aws:s3:::aue1c1z1s3bclientnotificationsjob/*\",\n        \"arn:aws:s3:::aue1c1z1s3bclientnotificationsjob\"\n      ]\n    },\n    {\n      \"Sid\": \"\",\n      \"Effect\": \"Allow\",\n      \"Action\": [\n        \"kms:ReEncrypt*\",\n        \"kms:GenerateDataKey*\",\n        \"kms:DescribeKey\",\n        \"kms:Decrypt\"\n      ],\n      \"Resource\": \"arn:aws:kms:*:522857095635:key/*\"\n    },\n    {\n      \"Sid\": \"\",\n      \"Effect\": \"Allow\",\n      \"Action\": [\n        \"ssm:GetParametersByPath\",\n        \"ssm:GetParameters\",\n        \"ssm:GetParameter\"\n      ],\n      \"Resource\": [\n        \"arn:aws:ssm:*:522857095635:parameter/secure/aue1/c1/codebuild/*\",\n        \"arn:aws:ssm:*:522857095635:parameter/*\"\n      ]\n    },\n    {\n      \"Sid\": \"\",\n      \"Effect\": \"Allow\",\n      \"Action\": \"ssm:PutParameter\",\n      \"Resource\": \"arn:aws:ssm:*:522857095635:parameter/parameter/aue1/c1/codebuild/lms_build_sequence\"\n    },\n    {\n      \"Sid\": \"\",\n      \"Effect\": \"Allow\",\n      \"Action\": [\n        \"codebuild:UpdateReport\",\n        \"codebuild:CreateReportGroup\",\n        \"codebuild:CreateReport\",\n        \"codebuild:BatchPutTestCases\"\n      ],\n      \"Resource\": \"arn:aws:codebuild:*:522857095635:report-group/aue1c1z1cbdclientnotificationsjobdevelopbuild*\"\n    }\n  ]\n}"
          },
          "private": "bnVsbA==",
          "dependencies": [
            "module.primary_bucket.aws_kms_key.code",
            "module.primary_bucket.aws_s3_bucket.code",
            "module.secondary_bucket.aws_kms_key.code",
            "module.secondary_bucket.aws_s3_bucket.code"
          ]
        }
      ]
    },
    {
      "module": "module.release_pipeline",
      "mode": "managed",
      "type": "aws_iam_policy",
      "name": "cbd_build",
      "provider": "provider.aws.code_primary",
      "instances": [
        {
          "schema_version": 0,
          "attributes": {
            "arn": "arn:aws:iam::522857095635:policy/aue1c1z1irpclientnotificationsjobreleasebuild",
            "description": "Standard Build Access policy for aue1c1z1irpclientnotificationsjobreleasebuild",
            "id": "arn:aws:iam::522857095635:policy/aue1c1z1irpclientnotificationsjobreleasebuild",
            "name": "aue1c1z1irpclientnotificationsjobreleasebuild",
            "name_prefix": null,
            "path": "/",
            "policy": "{\n  \"Version\": \"2012-10-17\",\n  \"Statement\": [\n    {\n      \"Sid\": \"\",\n      \"Effect\": \"Allow\",\n      \"Action\": [\n        \"logs:PutLogEvents\",\n        \"logs:CreateLogStream\",\n        \"logs:CreateLogGroup\",\n        \"ec2:DescribeVpcs\",\n        \"ec2:DescribeSubnets\",\n        \"ec2:DescribeSecurityGroups\",\n        \"ec2:DescribeNetworkInterfaces\",\n        \"ec2:DescribeDhcpOptions\",\n        \"ec2:DeleteNetworkInterface\",\n        \"ec2:CreateNetworkInterfacePermission\",\n        \"ec2:CreateNetworkInterface\"\n      ],\n      \"Resource\": \"*\"\n    },\n    {\n      \"Sid\": \"\",\n      \"Effect\": \"Allow\",\n      \"Action\": \"s3:*\",\n      \"Resource\": [\n        \"arn:aws:s3:::auw2c1z1s3bclientnotificationsjob/*\",\n        \"arn:aws:s3:::auw2c1z1s3bclientnotificationsjob\",\n        \"arn:aws:s3:::aue1c1z1s3bclientnotificationsjob/*\",\n        \"arn:aws:s3:::aue1c1z1s3bclientnotificationsjob\"\n      ]\n    },\n    {\n      \"Sid\": \"\",\n      \"Effect\": \"Allow\",\n      \"Action\": [\n        \"kms:ReEncrypt*\",\n        \"kms:GenerateDataKey*\",\n        \"kms:DescribeKey\",\n        \"kms:Decrypt\"\n      ],\n      \"Resource\": \"arn:aws:kms:*:522857095635:key/*\"\n    },\n    {\n      \"Sid\": \"\",\n      \"Effect\": \"Allow\",\n      \"Action\": [\n        \"ssm:GetParametersByPath\",\n        \"ssm:GetParameters\",\n        \"ssm:GetParameter\"\n      ],\n      \"Resource\": [\n        \"arn:aws:ssm:*:522857095635:parameter/secure/aue1/c1/codebuild/*\",\n        \"arn:aws:ssm:*:522857095635:parameter/*\"\n      ]\n    },\n    {\n      \"Sid\": \"\",\n      \"Effect\": \"Allow\",\n      \"Action\": \"ssm:PutParameter\",\n      \"Resource\": \"arn:aws:ssm:*:522857095635:parameter/parameter/aue1/c1/codebuild/lms_build_sequence\"\n    },\n    {\n      \"Sid\": \"\",\n      \"Effect\": \"Allow\",\n      \"Action\": [\n        \"codebuild:UpdateReport\",\n        \"codebuild:CreateReportGroup\",\n        \"codebuild:CreateReport\",\n        \"codebuild:BatchPutTestCases\"\n      ],\n      \"Resource\": \"arn:aws:codebuild:*:522857095635:report-group/aue1c1z1cbdclientnotificationsjobreleasebuild*\"\n    }\n  ]\n}"
          },
          "private": "bnVsbA==",
          "dependencies": [
            "module.primary_bucket.aws_kms_key.code",
            "module.primary_bucket.aws_s3_bucket.code",
            "module.secondary_bucket.aws_kms_key.code",
            "module.secondary_bucket.aws_s3_bucket.code"
          ]
        }
      ]
    },
    {
      "module": "module.develop_pipeline",
      "mode": "managed",
      "type": "aws_iam_policy",
      "name": "cpl_access",
      "provider": "provider.aws.code_primary",
      "instances": [
        {
          "schema_version": 0,
          "attributes": {
            "arn": "arn:aws:iam::522857095635:policy/aue1c1z1iplclientnotificationsjobdevelop",
            "description": "",
            "id": "arn:aws:iam::522857095635:policy/aue1c1z1iplclientnotificationsjobdevelop",
            "name": "aue1c1z1iplclientnotificationsjobdevelop",
            "name_prefix": null,
            "path": "/",
            "policy": "{\n  \"Version\": \"2012-10-17\",\n  \"Statement\": [\n    {\n      \"Sid\": \"\",\n      \"Effect\": \"Allow\",\n      \"Action\": [\n        \"codebuild:StartBuild\",\n        \"codebuild:BatchGetBuilds\"\n      ],\n      \"Resource\": \"arn:aws:codebuild:us-east-1:522857095635:project/aue1c1z1cbdclientnotificationsjobdevelopbuild\"\n    },\n    {\n      \"Sid\": \"\",\n      \"Effect\": \"Allow\",\n      \"Action\": \"s3:*\",\n      \"Resource\": [\n        \"arn:aws:s3:::auw2c1z1s3bclientnotificationsjob/*\",\n        \"arn:aws:s3:::auw2c1z1s3bclientnotificationsjob\",\n        \"arn:aws:s3:::aue1c1z1s3bclientnotificationsjob/*\",\n        \"arn:aws:s3:::aue1c1z1s3bclientnotificationsjob\"\n      ]\n    },\n    {\n      \"Sid\": \"\",\n      \"Effect\": \"Allow\",\n      \"Action\": [\n        \"kms:ReEncrypt*\",\n        \"kms:GenerateDataKey*\",\n        \"kms:DescribeKey\",\n        \"kms:Decrypt\"\n      ],\n      \"Resource\": \"arn:aws:kms:*:522857095635:key/*\"\n    },\n    {\n      \"Sid\": \"\",\n      \"Effect\": \"Allow\",\n      \"Action\": [\n        \"ssm:GetParametersByPath\",\n        \"ssm:GetParameters\",\n        \"ssm:GetParameter\"\n      ],\n      \"Resource\": [\n        \"arn:aws:ssm:*:522857095635:parameter/secure/aue1/c1/codebuild/*\",\n        \"arn:aws:ssm:*:522857095635:parameter/*\"\n      ]\n    },\n    {\n      \"Sid\": \"\",\n      \"Effect\": \"Allow\",\n      \"Action\": \"ssm:PutParameter\",\n      \"Resource\": \"arn:aws:ssm:*:522857095635:parameter/parameter/aue1/c1/codebuild/lms_build_sequence\"\n    },\n    {\n      \"Sid\": \"\",\n      \"Effect\": \"Allow\",\n      \"Action\": \"sts:AssumeRole\",\n      \"Resource\": [\n        \"arn:aws:iam::714767054201:role/auw2d1z1iroclientnotificationsjobdevelopdeploy\",\n        \"arn:aws:iam::714767054201:role/aue1d1z1iroclientnotificationsjobdevelopdeploy\"\n      ]\n    }\n  ]\n}"
          },
          "private": "bnVsbA==",
          "dependencies": [
            "module.develop_pipeline.aws_codebuild_project.build",
            "module.develop_pipeline.aws_iam_role.cbd_build",
            "module.develop_pipeline.aws_iam_role.primary_deploy",
            "module.develop_pipeline.aws_iam_role.secondary_deploy",
            "module.primary_bucket.aws_kms_key.code",
            "module.primary_bucket.aws_s3_bucket.code",
            "module.secondary_bucket.aws_kms_key.code",
            "module.secondary_bucket.aws_s3_bucket.code"
          ]
        }
      ]
    },
    {
      "module": "module.release_pipeline",
      "mode": "managed",
      "type": "aws_iam_policy",
      "name": "cpl_access",
      "provider": "provider.aws.code_primary",
      "instances": [
        {
          "schema_version": 0,
          "attributes": {
            "arn": "arn:aws:iam::522857095635:policy/aue1c1z1iplclientnotificationsjobrelease",
            "description": "",
            "id": "arn:aws:iam::522857095635:policy/aue1c1z1iplclientnotificationsjobrelease",
            "name": "aue1c1z1iplclientnotificationsjobrelease",
            "name_prefix": null,
            "path": "/",
            "policy": "{\n  \"Version\": \"2012-10-17\",\n  \"Statement\": [\n    {\n      \"Sid\": \"\",\n      \"Effect\": \"Allow\",\n      \"Action\": [\n        \"codebuild:StartBuild\",\n        \"codebuild:BatchGetBuilds\"\n      ],\n      \"Resource\": \"arn:aws:codebuild:us-east-1:522857095635:project/aue1c1z1cbdclientnotificationsjobreleasebuild\"\n    },\n    {\n      \"Sid\": \"\",\n      \"Effect\": \"Allow\",\n      \"Action\": \"s3:*\",\n      \"Resource\": [\n        \"arn:aws:s3:::auw2c1z1s3bclientnotificationsjob/*\",\n        \"arn:aws:s3:::auw2c1z1s3bclientnotificationsjob\",\n        \"arn:aws:s3:::aue1c1z1s3bclientnotificationsjob/*\",\n        \"arn:aws:s3:::aue1c1z1s3bclientnotificationsjob\"\n      ]\n    },\n    {\n      \"Sid\": \"\",\n      \"Effect\": \"Allow\",\n      \"Action\": [\n        \"kms:ReEncrypt*\",\n        \"kms:GenerateDataKey*\",\n        \"kms:DescribeKey\",\n        \"kms:Decrypt\"\n      ],\n      \"Resource\": \"arn:aws:kms:*:522857095635:key/*\"\n    },\n    {\n      \"Sid\": \"\",\n      \"Effect\": \"Allow\",\n      \"Action\": [\n        \"ssm:GetParametersByPath\",\n        \"ssm:GetParameters\",\n        \"ssm:GetParameter\"\n      ],\n      \"Resource\": [\n        \"arn:aws:ssm:*:522857095635:parameter/secure/aue1/c1/codebuild/*\",\n        \"arn:aws:ssm:*:522857095635:parameter/*\"\n      ]\n    },\n    {\n      \"Sid\": \"\",\n      \"Effect\": \"Allow\",\n      \"Action\": \"ssm:PutParameter\",\n      \"Resource\": \"arn:aws:ssm:*:522857095635:parameter/parameter/aue1/c1/codebuild/lms_build_sequence\"\n    },\n    {\n      \"Sid\": \"\",\n      \"Effect\": \"Allow\",\n      \"Action\": \"sts:AssumeRole\",\n      \"Resource\": [\n        \"arn:aws:iam::717545809501:role/auw2p1z1iroclientnotificationsjobreleasedeploy\",\n        \"arn:aws:iam::717545809501:role/aue1p1z1iroclientnotificationsjobreleasedeploy\",\n        \"arn:aws:iam::607145767122:role/auw2t1z1iroclientnotificationsjobreleasedeploy\",\n        \"arn:aws:iam::607145767122:role/aue1t1z1iroclientnotificationsjobreleasedeploy\"\n      ]\n    }\n  ]\n}"
          },
          "private": "bnVsbA==",
          "dependencies": [
            "module.primary_bucket.aws_kms_key.code",
            "module.primary_bucket.aws_s3_bucket.code",
            "module.release_pipeline.aws_codebuild_project.build",
            "module.release_pipeline.aws_iam_role.cbd_build",
            "module.release_pipeline.aws_iam_role.production_primary_deploy",
            "module.release_pipeline.aws_iam_role.production_secondary_deploy",
            "module.release_pipeline.aws_iam_role.test_primary_deploy",
            "module.release_pipeline.aws_iam_role.test_secondary_deploy",
            "module.secondary_bucket.aws_kms_key.code",
            "module.secondary_bucket.aws_s3_bucket.code"
          ]
        }
      ]
    },
    {
      "module": "module.develop_pipeline",
      "mode": "managed",
      "type": "aws_iam_policy",
      "name": "primary_deploy_access",
      "provider": "provider.aws.dev_primary",
      "instances": [
        {
          "schema_version": 0,
          "attributes": {
            "arn": "arn:aws:iam::714767054201:policy/aue1d1z1iplclientnotificationsjobdevelopdeploy",
            "description": "",
            "id": "arn:aws:iam::714767054201:policy/aue1d1z1iplclientnotificationsjobdevelopdeploy",
            "name": "aue1d1z1iplclientnotificationsjobdevelopdeploy",
            "name_prefix": null,
            "path": "/",
            "policy": "{\n  \"Version\": \"2012-10-17\",\n  \"Statement\": [\n    {\n      \"Sid\": \"\",\n      \"Effect\": \"Allow\",\n      \"Action\": [\n        \"s3:List*\",\n        \"s3:Get*\"\n      ],\n      \"Resource\": [\n        \"arn:aws:s3:::auw2c1z1s3bclientnotificationsjob/*\",\n        \"arn:aws:s3:::auw2c1z1s3bclientnotificationsjob\",\n        \"arn:aws:s3:::aue1c1z1s3bclientnotificationsjob/*\",\n        \"arn:aws:s3:::aue1c1z1s3bclientnotificationsjob\"\n      ]\n    },\n    {\n      \"Sid\": \"\",\n      \"Effect\": \"Allow\",\n      \"Action\": \"kms:Decrypt\",\n      \"Resource\": \"arn:aws:kms:*:522857095635:key/*\"\n    },\n    {\n      \"Sid\": \"\",\n      \"Effect\": \"Allow\",\n      \"Action\": [\n        \"codedeploy:RegisterApplicationRevision\",\n        \"codedeploy:GetDeploymentConfig\",\n        \"codedeploy:GetDeployment\",\n        \"codedeploy:GetApplicationRevision\",\n        \"codedeploy:CreateDeployment\"\n      ],\n      \"Resource\": \"*\"\n    }\n  ]\n}"
          },
          "private": "bnVsbA==",
          "dependencies": [
            "module.primary_bucket.aws_kms_key.code",
            "module.primary_bucket.aws_s3_bucket.code",
            "module.secondary_bucket.aws_kms_key.code",
            "module.secondary_bucket.aws_s3_bucket.code"
          ]
        }
      ]
    },
    {
      "module": "module.release_pipeline",
      "mode": "managed",
      "type": "aws_iam_policy",
      "name": "production_primary_deploy_access",
      "provider": "provider.aws.prd_primary",
      "instances": [
        {
          "schema_version": 0,
          "attributes": {
            "arn": "arn:aws:iam::717545809501:policy/aue1p1z1iplclientnotificationsjobreleasedeploy",
            "description": "",
            "id": "arn:aws:iam::717545809501:policy/aue1p1z1iplclientnotificationsjobreleasedeploy",
            "name": "aue1p1z1iplclientnotificationsjobreleasedeploy",
            "name_prefix": null,
            "path": "/",
            "policy": "{\n  \"Version\": \"2012-10-17\",\n  \"Statement\": [\n    {\n      \"Sid\": \"\",\n      \"Effect\": \"Allow\",\n      \"Action\": [\n        \"s3:List*\",\n        \"s3:Get*\"\n      ],\n      \"Resource\": [\n        \"arn:aws:s3:::auw2c1z1s3bclientnotificationsjob/*\",\n        \"arn:aws:s3:::auw2c1z1s3bclientnotificationsjob\",\n        \"arn:aws:s3:::aue1c1z1s3bclientnotificationsjob/*\",\n        \"arn:aws:s3:::aue1c1z1s3bclientnotificationsjob\"\n      ]\n    },\n    {\n      \"Sid\": \"\",\n      \"Effect\": \"Allow\",\n      \"Action\": \"kms:Decrypt\",\n      \"Resource\": \"arn:aws:kms:*:522857095635:key/*\"\n    },\n    {\n      \"Sid\": \"\",\n      \"Effect\": \"Allow\",\n      \"Action\": [\n        \"codedeploy:RegisterApplicationRevision\",\n        \"codedeploy:GetDeploymentConfig\",\n        \"codedeploy:GetDeployment\",\n        \"codedeploy:GetApplicationRevision\",\n        \"codedeploy:CreateDeployment\"\n      ],\n      \"Resource\": \"*\"\n    }\n  ]\n}"
          },
          "private": "bnVsbA==",
          "dependencies": [
            "module.primary_bucket.aws_kms_key.code",
            "module.primary_bucket.aws_s3_bucket.code",
            "module.secondary_bucket.aws_kms_key.code",
            "module.secondary_bucket.aws_s3_bucket.code"
          ]
        }
      ]
    },
    {
      "module": "module.release_pipeline",
      "mode": "managed",
      "type": "aws_iam_policy",
      "name": "production_secondary_deploy_access",
      "provider": "provider.aws.prd_secondary",
      "instances": [
        {
          "schema_version": 0,
          "attributes": {
            "arn": "arn:aws:iam::717545809501:policy/auw2p1z1iplclientnotificationsjobreleasedeploy",
            "description": "",
            "id": "arn:aws:iam::717545809501:policy/auw2p1z1iplclientnotificationsjobreleasedeploy",
            "name": "auw2p1z1iplclientnotificationsjobreleasedeploy",
            "name_prefix": null,
            "path": "/",
            "policy": "{\n  \"Version\": \"2012-10-17\",\n  \"Statement\": [\n    {\n      \"Sid\": \"\",\n      \"Effect\": \"Allow\",\n      \"Action\": [\n        \"s3:List*\",\n        \"s3:Get*\"\n      ],\n      \"Resource\": [\n        \"arn:aws:s3:::auw2c1z1s3bclientnotificationsjob/*\",\n        \"arn:aws:s3:::auw2c1z1s3bclientnotificationsjob\",\n        \"arn:aws:s3:::aue1c1z1s3bclientnotificationsjob/*\",\n        \"arn:aws:s3:::aue1c1z1s3bclientnotificationsjob\"\n      ]\n    },\n    {\n      \"Sid\": \"\",\n      \"Effect\": \"Allow\",\n      \"Action\": \"kms:Decrypt\",\n      \"Resource\": \"arn:aws:kms:*:522857095635:key/*\"\n    },\n    {\n      \"Sid\": \"\",\n      \"Effect\": \"Allow\",\n      \"Action\": [\n        \"codedeploy:RegisterApplicationRevision\",\n        \"codedeploy:GetDeploymentConfig\",\n        \"codedeploy:GetDeployment\",\n        \"codedeploy:GetApplicationRevision\",\n        \"codedeploy:CreateDeployment\"\n      ],\n      \"Resource\": \"*\"\n    }\n  ]\n}"
          },
          "private": "bnVsbA==",
          "dependencies": [
            "module.primary_bucket.aws_kms_key.code",
            "module.primary_bucket.aws_s3_bucket.code",
            "module.secondary_bucket.aws_kms_key.code",
            "module.secondary_bucket.aws_s3_bucket.code"
          ]
        }
      ]
    },
    {
      "module": "module.develop_pipeline",
      "mode": "managed",
      "type": "aws_iam_policy",
      "name": "secondary_deploy_access",
      "provider": "provider.aws.dev_secondary",
      "instances": [
        {
          "schema_version": 0,
          "attributes": {
            "arn": "arn:aws:iam::714767054201:policy/auw2d1z1iplclientnotificationsjobdevelopdeploy",
            "description": "",
            "id": "arn:aws:iam::714767054201:policy/auw2d1z1iplclientnotificationsjobdevelopdeploy",
            "name": "auw2d1z1iplclientnotificationsjobdevelopdeploy",
            "name_prefix": null,
            "path": "/",
            "policy": "{\n  \"Version\": \"2012-10-17\",\n  \"Statement\": [\n    {\n      \"Sid\": \"\",\n      \"Effect\": \"Allow\",\n      \"Action\": [\n        \"s3:List*\",\n        \"s3:Get*\"\n      ],\n      \"Resource\": [\n        \"arn:aws:s3:::auw2c1z1s3bclientnotificationsjob/*\",\n        \"arn:aws:s3:::auw2c1z1s3bclientnotificationsjob\",\n        \"arn:aws:s3:::aue1c1z1s3bclientnotificationsjob/*\",\n        \"arn:aws:s3:::aue1c1z1s3bclientnotificationsjob\"\n      ]\n    },\n    {\n      \"Sid\": \"\",\n      \"Effect\": \"Allow\",\n      \"Action\": \"kms:Decrypt\",\n      \"Resource\": \"arn:aws:kms:*:522857095635:key/*\"\n    },\n    {\n      \"Sid\": \"\",\n      \"Effect\": \"Allow\",\n      \"Action\": [\n        \"codedeploy:RegisterApplicationRevision\",\n        \"codedeploy:GetDeploymentConfig\",\n        \"codedeploy:GetDeployment\",\n        \"codedeploy:GetApplicationRevision\",\n        \"codedeploy:CreateDeployment\"\n      ],\n      \"Resource\": \"*\"\n    }\n  ]\n}"
          },
          "private": "bnVsbA==",
          "dependencies": [
            "module.primary_bucket.aws_kms_key.code",
            "module.primary_bucket.aws_s3_bucket.code",
            "module.secondary_bucket.aws_kms_key.code",
            "module.secondary_bucket.aws_s3_bucket.code"
          ]
        }
      ]
    },
    {
      "module": "module.release_pipeline",
      "mode": "managed",
      "type": "aws_iam_policy",
      "name": "test_primary_deploy_access",
      "provider": "provider.aws.tst_primary",
      "instances": [
        {
          "schema_version": 0,
          "attributes": {
            "arn": "arn:aws:iam::607145767122:policy/aue1t1z1iplclientnotificationsjobreleasedeploy",
            "description": "",
            "id": "arn:aws:iam::607145767122:policy/aue1t1z1iplclientnotificationsjobreleasedeploy",
            "name": "aue1t1z1iplclientnotificationsjobreleasedeploy",
            "name_prefix": null,
            "path": "/",
            "policy": "{\n  \"Version\": \"2012-10-17\",\n  \"Statement\": [\n    {\n      \"Sid\": \"\",\n      \"Effect\": \"Allow\",\n      \"Action\": [\n        \"s3:List*\",\n        \"s3:Get*\"\n      ],\n      \"Resource\": [\n        \"arn:aws:s3:::auw2c1z1s3bclientnotificationsjob/*\",\n        \"arn:aws:s3:::auw2c1z1s3bclientnotificationsjob\",\n        \"arn:aws:s3:::aue1c1z1s3bclientnotificationsjob/*\",\n        \"arn:aws:s3:::aue1c1z1s3bclientnotificationsjob\"\n      ]\n    },\n    {\n      \"Sid\": \"\",\n      \"Effect\": \"Allow\",\n      \"Action\": \"kms:Decrypt\",\n      \"Resource\": \"arn:aws:kms:*:522857095635:key/*\"\n    },\n    {\n      \"Sid\": \"\",\n      \"Effect\": \"Allow\",\n      \"Action\": [\n        \"codedeploy:RegisterApplicationRevision\",\n        \"codedeploy:GetDeploymentConfig\",\n        \"codedeploy:GetDeployment\",\n        \"codedeploy:GetApplicationRevision\",\n        \"codedeploy:CreateDeployment\"\n      ],\n      \"Resource\": \"*\"\n    }\n  ]\n}"
          },
          "private": "bnVsbA==",
          "dependencies": [
            "module.primary_bucket.aws_kms_key.code",
            "module.primary_bucket.aws_s3_bucket.code",
            "module.secondary_bucket.aws_kms_key.code",
            "module.secondary_bucket.aws_s3_bucket.code"
          ]
        }
      ]
    },
    {
      "module": "module.release_pipeline",
      "mode": "managed",
      "type": "aws_iam_policy",
      "name": "test_secondary_deploy_access",
      "provider": "provider.aws.tst_secondary",
      "instances": [
        {
          "schema_version": 0,
          "attributes": {
            "arn": "arn:aws:iam::607145767122:policy/auw2t1z1iplclientnotificationsjobreleasedeploy",
            "description": "",
            "id": "arn:aws:iam::607145767122:policy/auw2t1z1iplclientnotificationsjobreleasedeploy",
            "name": "auw2t1z1iplclientnotificationsjobreleasedeploy",
            "name_prefix": null,
            "path": "/",
            "policy": "{\n  \"Version\": \"2012-10-17\",\n  \"Statement\": [\n    {\n      \"Sid\": \"\",\n      \"Effect\": \"Allow\",\n      \"Action\": [\n        \"s3:List*\",\n        \"s3:Get*\"\n      ],\n      \"Resource\": [\n        \"arn:aws:s3:::auw2c1z1s3bclientnotificationsjob/*\",\n        \"arn:aws:s3:::auw2c1z1s3bclientnotificationsjob\",\n        \"arn:aws:s3:::aue1c1z1s3bclientnotificationsjob/*\",\n        \"arn:aws:s3:::aue1c1z1s3bclientnotificationsjob\"\n      ]\n    },\n    {\n      \"Sid\": \"\",\n      \"Effect\": \"Allow\",\n      \"Action\": \"kms:Decrypt\",\n      \"Resource\": \"arn:aws:kms:*:522857095635:key/*\"\n    },\n    {\n      \"Sid\": \"\",\n      \"Effect\": \"Allow\",\n      \"Action\": [\n        \"codedeploy:RegisterApplicationRevision\",\n        \"codedeploy:GetDeploymentConfig\",\n        \"codedeploy:GetDeployment\",\n        \"codedeploy:GetApplicationRevision\",\n        \"codedeploy:CreateDeployment\"\n      ],\n      \"Resource\": \"*\"\n    }\n  ]\n}"
          },
          "private": "bnVsbA==",
          "dependencies": [
            "module.primary_bucket.aws_kms_key.code",
            "module.primary_bucket.aws_s3_bucket.code",
            "module.secondary_bucket.aws_kms_key.code",
            "module.secondary_bucket.aws_s3_bucket.code"
          ]
        }
      ]
    },
    {
      "module": "module.develop_pipeline",
      "mode": "managed",
      "type": "aws_iam_role",
      "name": "cbd_build",
      "provider": "provider.aws.code_primary",
      "instances": [
        {
          "schema_version": 0,
          "attributes": {
            "arn": "arn:aws:iam::522857095635:role/aue1c1z1iroclientnotificationsjobdevelopassume",
            "assume_role_policy": "{\"Version\":\"2012-10-17\",\"Statement\":[{\"Sid\":\"\",\"Effect\":\"Allow\",\"Principal\":{\"Service\":\"codebuild.amazonaws.com\"},\"Action\":\"sts:AssumeRole\"}]}",
            "create_date": "2020-12-03T14:02:13Z",
            "description": "",
            "force_detach_policies": false,
            "id": "aue1c1z1iroclientnotificationsjobdevelopassume",
            "max_session_duration": 3600,
            "name": "aue1c1z1iroclientnotificationsjobdevelopassume",
            "name_prefix": null,
            "path": "/",
            "permissions_boundary": null,
            "tags": {
              "Name": "aue1c1z1iroclientnotificationsjobdevelopassume",
              "app": "dotnet",
              "creation_app": "terraform",
              "env": "c1",
              "ledger": "unknown",
              "purpose": "assume",
              "site": "aue1",
              "tier": "clientnotificationsjobdevelop",
              "zone": "z1"
            },
            "unique_id": "AROAXTPFWEHJT35AZKA3Q"
          },
          "private": "bnVsbA=="
        }
      ]
    },
    {
      "module": "module.release_pipeline",
      "mode": "managed",
      "type": "aws_iam_role",
      "name": "cbd_build",
      "provider": "provider.aws.code_primary",
      "instances": [
        {
          "schema_version": 0,
          "attributes": {
            "arn": "arn:aws:iam::522857095635:role/aue1c1z1iroclientnotificationsjobreleaseassume",
            "assume_role_policy": "{\"Version\":\"2012-10-17\",\"Statement\":[{\"Sid\":\"\",\"Effect\":\"Allow\",\"Principal\":{\"Service\":\"codebuild.amazonaws.com\"},\"Action\":\"sts:AssumeRole\"}]}",
            "create_date": "2020-12-03T14:02:13Z",
            "description": "",
            "force_detach_policies": false,
            "id": "aue1c1z1iroclientnotificationsjobreleaseassume",
            "max_session_duration": 3600,
            "name": "aue1c1z1iroclientnotificationsjobreleaseassume",
            "name_prefix": null,
            "path": "/",
            "permissions_boundary": null,
            "tags": {
              "Name": "aue1c1z1iroclientnotificationsjobreleaseassume",
              "app": "dotnet",
              "creation_app": "terraform",
              "env": "c1",
              "ledger": "unknown",
              "purpose": "assume",
              "site": "aue1",
              "tier": "clientnotificationsjobrelease",
              "zone": "z1"
            },
            "unique_id": "AROAXTPFWEHJZAFRD3YIG"
          },
          "private": "bnVsbA=="
        }
      ]
    },
    {
      "module": "module.develop_pipeline",
      "mode": "managed",
      "type": "aws_iam_role",
      "name": "cpl_role",
      "provider": "provider.aws.code_primary",
      "instances": [
        {
          "schema_version": 0,
          "attributes": {
            "arn": "arn:aws:iam::522857095635:role/aue1c1z1iroclientnotificationsjobdevelop",
            "assume_role_policy": "{\"Version\":\"2012-10-17\",\"Statement\":[{\"Sid\":\"\",\"Effect\":\"Allow\",\"Principal\":{\"Service\":\"codepipeline.amazonaws.com\"},\"Action\":\"sts:AssumeRole\"}]}",
            "create_date": "2020-12-03T14:02:13Z",
            "description": "",
            "force_detach_policies": false,
            "id": "aue1c1z1iroclientnotificationsjobdevelop",
            "max_session_duration": 3600,
            "name": "aue1c1z1iroclientnotificationsjobdevelop",
            "name_prefix": null,
            "path": "/",
            "permissions_boundary": null,
            "tags": {
              "Name": "aue1c1z1iroclientnotificationsjobdevelop",
              "app": "dotnet",
              "creation_app": "terraform",
              "env": "c1",
              "ledger": "unknown",
              "site": "aue1",
              "tier": "clientnotificationsjobdevelop",
              "zone": "z1"
            },
            "unique_id": "AROAXTPFWEHJSL3OVAID4"
          },
          "private": "bnVsbA=="
        }
      ]
    },
    {
      "module": "module.release_pipeline",
      "mode": "managed",
      "type": "aws_iam_role",
      "name": "cpl_role",
      "provider": "provider.aws.code_primary",
      "instances": [
        {
          "schema_version": 0,
          "attributes": {
            "arn": "arn:aws:iam::522857095635:role/aue1c1z1iroclientnotificationsjobrelease",
            "assume_role_policy": "{\"Version\":\"2012-10-17\",\"Statement\":[{\"Sid\":\"\",\"Effect\":\"Allow\",\"Principal\":{\"Service\":\"codepipeline.amazonaws.com\"},\"Action\":\"sts:AssumeRole\"}]}",
            "create_date": "2020-12-03T14:02:13Z",
            "description": "",
            "force_detach_policies": false,
            "id": "aue1c1z1iroclientnotificationsjobrelease",
            "max_session_duration": 3600,
            "name": "aue1c1z1iroclientnotificationsjobrelease",
            "name_prefix": null,
            "path": "/",
            "permissions_boundary": null,
            "tags": {
              "Name": "aue1c1z1iroclientnotificationsjobrelease",
              "app": "dotnet",
              "creation_app": "terraform",
              "env": "c1",
              "ledger": "unknown",
              "site": "aue1",
              "tier": "clientnotificationsjobrelease",
              "zone": "z1"
            },
            "unique_id": "AROAXTPFWEHJQLTAQPSAG"
          },
          "private": "bnVsbA=="
        }
      ]
    },
    {
      "module": "module.develop_pipeline",
      "mode": "managed",
      "type": "aws_iam_role",
      "name": "primary_deploy",
      "provider": "provider.aws.dev_primary",
      "instances": [
        {
          "schema_version": 0,
          "attributes": {
            "arn": "arn:aws:iam::714767054201:role/aue1d1z1iroclientnotificationsjobdevelopdeploy",
            "assume_role_policy": "{\"Version\":\"2012-10-17\",\"Statement\":[{\"Sid\":\"\",\"Effect\":\"Allow\",\"Principal\":{\"AWS\":\"arn:aws:iam::522857095635:root\",\"Service\":\"codedeploy.amazonaws.com\"},\"Action\":\"sts:AssumeRole\"}]}",
            "create_date": "2020-12-03T14:02:14Z",
            "description": "",
            "force_detach_policies": false,
            "id": "aue1d1z1iroclientnotificationsjobdevelopdeploy",
            "max_session_duration": 3600,
            "name": "aue1d1z1iroclientnotificationsjobdevelopdeploy",
            "name_prefix": null,
            "path": "/",
            "permissions_boundary": null,
            "tags": null,
            "unique_id": "AROA2M23PWV4Y7TY6ETCR"
          },
          "private": "bnVsbA=="
        }
      ]
    },
    {
      "module": "module.release_pipeline",
      "mode": "managed",
      "type": "aws_iam_role",
      "name": "production_primary_deploy",
      "provider": "provider.aws.prd_primary",
      "instances": [
        {
          "schema_version": 0,
          "attributes": {
            "arn": "arn:aws:iam::717545809501:role/aue1p1z1iroclientnotificationsjobreleasedeploy",
            "assume_role_policy": "{\"Version\":\"2012-10-17\",\"Statement\":[{\"Sid\":\"\",\"Effect\":\"Allow\",\"Principal\":{\"Service\":\"codedeploy.amazonaws.com\",\"AWS\":\"arn:aws:iam::522857095635:root\"},\"Action\":\"sts:AssumeRole\"}]}",
            "create_date": "2020-12-03T14:02:13Z",
            "description": "",
            "force_detach_policies": false,
            "id": "aue1p1z1iroclientnotificationsjobreleasedeploy",
            "max_session_duration": 3600,
            "name": "aue1p1z1iroclientnotificationsjobreleasedeploy",
            "name_prefix": null,
            "path": "/",
            "permissions_boundary": null,
            "tags": null,
            "unique_id": "AROA2OEIQEZO6IK7WGDW7"
          },
          "private": "bnVsbA=="
        }
      ]
    },
    {
      "module": "module.release_pipeline",
      "mode": "managed",
      "type": "aws_iam_role",
      "name": "production_secondary_deploy",
      "provider": "provider.aws.prd_secondary",
      "instances": [
        {
          "schema_version": 0,
          "attributes": {
            "arn": "arn:aws:iam::717545809501:role/auw2p1z1iroclientnotificationsjobreleasedeploy",
            "assume_role_policy": "{\"Version\":\"2012-10-17\",\"Statement\":[{\"Sid\":\"\",\"Effect\":\"Allow\",\"Principal\":{\"Service\":\"codedeploy.amazonaws.com\",\"AWS\":\"arn:aws:iam::522857095635:root\"},\"Action\":\"sts:AssumeRole\"}]}",
            "create_date": "2020-12-03T14:02:14Z",
            "description": "",
            "force_detach_policies": false,
            "id": "auw2p1z1iroclientnotificationsjobreleasedeploy",
            "max_session_duration": 3600,
            "name": "auw2p1z1iroclientnotificationsjobreleasedeploy",
            "name_prefix": null,
            "path": "/",
            "permissions_boundary": null,
            "tags": null,
            "unique_id": "AROA2OEIQEZO5NCVHSIFY"
          },
          "private": "bnVsbA=="
        }
      ]
    },
    {
      "module": "module.develop_pipeline",
      "mode": "managed",
      "type": "aws_iam_role",
      "name": "secondary_deploy",
      "provider": "provider.aws.dev_secondary",
      "instances": [
        {
          "schema_version": 0,
          "attributes": {
            "arn": "arn:aws:iam::714767054201:role/auw2d1z1iroclientnotificationsjobdevelopdeploy",
            "assume_role_policy": "{\"Version\":\"2012-10-17\",\"Statement\":[{\"Sid\":\"\",\"Effect\":\"Allow\",\"Principal\":{\"Service\":\"codedeploy.amazonaws.com\",\"AWS\":\"arn:aws:iam::522857095635:root\"},\"Action\":\"sts:AssumeRole\"}]}",
            "create_date": "2020-12-03T14:02:14Z",
            "description": "",
            "force_detach_policies": false,
            "id": "auw2d1z1iroclientnotificationsjobdevelopdeploy",
            "max_session_duration": 3600,
            "name": "auw2d1z1iroclientnotificationsjobdevelopdeploy",
            "name_prefix": null,
            "path": "/",
            "permissions_boundary": null,
            "tags": null,
            "unique_id": "AROA2M23PWV4YSG5PZ7BU"
          },
          "private": "bnVsbA=="
        }
      ]
    },
    {
      "module": "module.release_pipeline",
      "mode": "managed",
      "type": "aws_iam_role",
      "name": "test_primary_deploy",
      "provider": "provider.aws.tst_primary",
      "instances": [
        {
          "schema_version": 0,
          "attributes": {
            "arn": "arn:aws:iam::607145767122:role/aue1t1z1iroclientnotificationsjobreleasedeploy",
            "assume_role_policy": "{\"Version\":\"2012-10-17\",\"Statement\":[{\"Sid\":\"\",\"Effect\":\"Allow\",\"Principal\":{\"Service\":\"codedeploy.amazonaws.com\",\"AWS\":\"arn:aws:iam::522857095635:root\"},\"Action\":\"sts:AssumeRole\"}]}",
            "create_date": "2020-12-03T14:02:14Z",
            "description": "",
            "force_detach_policies": false,
            "id": "aue1t1z1iroclientnotificationsjobreleasedeploy",
            "max_session_duration": 3600,
            "name": "aue1t1z1iroclientnotificationsjobreleasedeploy",
            "name_prefix": null,
            "path": "/",
            "permissions_boundary": null,
            "tags": null,
            "unique_id": "AROAY2XFVGDJCKUUCT42Z"
          },
          "private": "bnVsbA=="
        }
      ]
    },
    {
      "module": "module.release_pipeline",
      "mode": "managed",
      "type": "aws_iam_role",
      "name": "test_secondary_deploy",
      "provider": "provider.aws.tst_secondary",
      "instances": [
        {
          "schema_version": 0,
          "attributes": {
            "arn": "arn:aws:iam::607145767122:role/auw2t1z1iroclientnotificationsjobreleasedeploy",
            "assume_role_policy": "{\"Version\":\"2012-10-17\",\"Statement\":[{\"Sid\":\"\",\"Effect\":\"Allow\",\"Principal\":{\"Service\":\"codedeploy.amazonaws.com\",\"AWS\":\"arn:aws:iam::522857095635:root\"},\"Action\":\"sts:AssumeRole\"}]}",
            "create_date": "2020-12-03T14:02:14Z",
            "description": "",
            "force_detach_policies": false,
            "id": "auw2t1z1iroclientnotificationsjobreleasedeploy",
            "max_session_duration": 3600,
            "name": "auw2t1z1iroclientnotificationsjobreleasedeploy",
            "name_prefix": null,
            "path": "/",
            "permissions_boundary": null,
            "tags": null,
            "unique_id": "AROAY2XFVGDJH3G34JGD2"
          },
          "private": "bnVsbA=="
        }
      ]
    },
    {
      "module": "module.develop_pipeline",
      "mode": "managed",
      "type": "aws_iam_role_policy_attachment",
      "name": "cdb_build_access",
      "provider": "provider.aws.code_primary",
      "instances": [
        {
          "schema_version": 0,
          "attributes": {
            "id": "aue1c1z1iroclientnotificationsjobdevelopassume-20201203140227737800000001",
            "policy_arn": "arn:aws:iam::522857095635:policy/aue1c1z1irpclientnotificationsjobdevelopbuild",
            "role": "aue1c1z1iroclientnotificationsjobdevelopassume"
          },
          "private": "bnVsbA==",
          "dependencies": [
            "module.develop_pipeline.aws_iam_policy.cbd_build",
            "module.develop_pipeline.aws_iam_role.cbd_build",
            "module.primary_bucket.aws_kms_key.code",
            "module.primary_bucket.aws_s3_bucket.code",
            "module.secondary_bucket.aws_kms_key.code",
            "module.secondary_bucket.aws_s3_bucket.code"
          ]
        }
      ]
    },
    {
      "module": "module.release_pipeline",
      "mode": "managed",
      "type": "aws_iam_role_policy_attachment",
      "name": "cdb_build_access",
      "provider": "provider.aws.code_primary",
      "instances": [
        {
          "schema_version": 0,
          "attributes": {
            "id": "aue1c1z1iroclientnotificationsjobreleaseassume-20201203140228196700000003",
            "policy_arn": "arn:aws:iam::522857095635:policy/aue1c1z1irpclientnotificationsjobreleasebuild",
            "role": "aue1c1z1iroclientnotificationsjobreleaseassume"
          },
          "private": "bnVsbA==",
          "dependencies": [
            "module.primary_bucket.aws_kms_key.code",
            "module.primary_bucket.aws_s3_bucket.code",
            "module.release_pipeline.aws_iam_policy.cbd_build",
            "module.release_pipeline.aws_iam_role.cbd_build",
            "module.secondary_bucket.aws_kms_key.code",
            "module.secondary_bucket.aws_s3_bucket.code"
          ]
        }
      ]
    },
    {
      "module": "module.develop_pipeline",
      "mode": "managed",
      "type": "aws_iam_role_policy_attachment",
      "name": "cpl_access",
      "provider": "provider.aws.code_primary",
      "instances": [
        {
          "schema_version": 0,
          "attributes": {
            "id": "aue1c1z1iroclientnotificationsjobdevelop-20201203140228263600000005",
            "policy_arn": "arn:aws:iam::522857095635:policy/aue1c1z1iplclientnotificationsjobdevelop",
            "role": "aue1c1z1iroclientnotificationsjobdevelop"
          },
          "private": "bnVsbA==",
          "dependencies": [
            "module.develop_pipeline.aws_codebuild_project.build",
            "module.develop_pipeline.aws_iam_policy.cpl_access",
            "module.develop_pipeline.aws_iam_role.cbd_build",
            "module.develop_pipeline.aws_iam_role.cpl_role",
            "module.develop_pipeline.aws_iam_role.primary_deploy",
            "module.develop_pipeline.aws_iam_role.secondary_deploy",
            "module.primary_bucket.aws_kms_key.code",
            "module.primary_bucket.aws_s3_bucket.code",
            "module.secondary_bucket.aws_kms_key.code",
            "module.secondary_bucket.aws_s3_bucket.code"
          ]
        }
      ]
    },
    {
      "module": "module.release_pipeline",
      "mode": "managed",
      "type": "aws_iam_role_policy_attachment",
      "name": "cpl_access",
      "provider": "provider.aws.code_primary",
      "instances": [
        {
          "schema_version": 0,
          "attributes": {
            "id": "aue1c1z1iroclientnotificationsjobrelease-20201203140228266500000006",
            "policy_arn": "arn:aws:iam::522857095635:policy/aue1c1z1iplclientnotificationsjobrelease",
            "role": "aue1c1z1iroclientnotificationsjobrelease"
          },
          "private": "bnVsbA==",
          "dependencies": [
            "module.primary_bucket.aws_kms_key.code",
            "module.primary_bucket.aws_s3_bucket.code",
            "module.release_pipeline.aws_codebuild_project.build",
            "module.release_pipeline.aws_iam_policy.cpl_access",
            "module.release_pipeline.aws_iam_role.cbd_build",
            "module.release_pipeline.aws_iam_role.cpl_role",
            "module.release_pipeline.aws_iam_role.production_primary_deploy",
            "module.release_pipeline.aws_iam_role.production_secondary_deploy",
            "module.release_pipeline.aws_iam_role.test_primary_deploy",
            "module.release_pipeline.aws_iam_role.test_secondary_deploy",
            "module.secondary_bucket.aws_kms_key.code",
            "module.secondary_bucket.aws_s3_bucket.code"
          ]
        }
      ]
    },
    {
      "module": "module.develop_pipeline",
      "mode": "managed",
      "type": "aws_iam_role_policy_attachment",
      "name": "cpl_build_access",
      "provider": "provider.aws.code_primary",
      "instances": [
        {
          "schema_version": 0,
          "attributes": {
            "id": "aue1c1z1iroclientnotificationsjobdevelop-20201203140227782800000002",
            "policy_arn": "arn:aws:iam::522857095635:policy/aue1c1z1irpclientnotificationsjobdevelopbuild",
            "role": "aue1c1z1iroclientnotificationsjobdevelop"
          },
          "private": "bnVsbA==",
          "dependencies": [
            "module.develop_pipeline.aws_iam_policy.cbd_build",
            "module.develop_pipeline.aws_iam_role.cpl_role",
            "module.primary_bucket.aws_kms_key.code",
            "module.primary_bucket.aws_s3_bucket.code",
            "module.secondary_bucket.aws_kms_key.code",
            "module.secondary_bucket.aws_s3_bucket.code"
          ]
        }
      ]
    },
    {
      "module": "module.release_pipeline",
      "mode": "managed",
      "type": "aws_iam_role_policy_attachment",
      "name": "cpl_build_access",
      "provider": "provider.aws.code_primary",
      "instances": [
        {
          "schema_version": 0,
          "attributes": {
            "id": "aue1c1z1iroclientnotificationsjobrelease-20201203140228233700000004",
            "policy_arn": "arn:aws:iam::522857095635:policy/aue1c1z1irpclientnotificationsjobreleasebuild",
            "role": "aue1c1z1iroclientnotificationsjobrelease"
          },
          "private": "bnVsbA==",
          "dependencies": [
            "module.primary_bucket.aws_kms_key.code",
            "module.primary_bucket.aws_s3_bucket.code",
            "module.release_pipeline.aws_iam_policy.cbd_build",
            "module.release_pipeline.aws_iam_role.cpl_role",
            "module.secondary_bucket.aws_kms_key.code",
            "module.secondary_bucket.aws_s3_bucket.code"
          ]
        }
      ]
    },
    {
      "module": "module.develop_pipeline",
      "mode": "managed",
      "type": "aws_iam_role_policy_attachment",
      "name": "primary_deploy",
      "provider": "provider.aws.dev_primary",
      "instances": [
        {
          "schema_version": 0,
          "attributes": {
            "id": "aue1d1z1iroclientnotificationsjobdevelopdeploy-20201203140214881900000001",
            "policy_arn": "arn:aws:iam::aws:policy/service-role/AWSCodeDeployRole",
            "role": "aue1d1z1iroclientnotificationsjobdevelopdeploy"
          },
          "private": "bnVsbA==",
          "dependencies": [
            "module.develop_pipeline.aws_iam_role.primary_deploy"
          ]
        }
      ]
    },
    {
      "module": "module.develop_pipeline",
      "mode": "managed",
      "type": "aws_iam_role_policy_attachment",
      "name": "primary_deploy_build_access",
      "provider": "provider.aws.dev_primary",
      "instances": [
        {
          "schema_version": 0,
          "attributes": {
            "id": "aue1d1z1iroclientnotificationsjobdevelopdeploy-20201203140227739800000002",
            "policy_arn": "arn:aws:iam::714767054201:policy/aue1d1z1iplclientnotificationsjobdevelopdeploy",
            "role": "aue1d1z1iroclientnotificationsjobdevelopdeploy"
          },
          "private": "bnVsbA==",
          "dependencies": [
            "module.develop_pipeline.aws_iam_policy.primary_deploy_access",
            "module.develop_pipeline.aws_iam_role.primary_deploy",
            "module.primary_bucket.aws_kms_key.code",
            "module.primary_bucket.aws_s3_bucket.code",
            "module.secondary_bucket.aws_kms_key.code",
            "module.secondary_bucket.aws_s3_bucket.code"
          ]
        }
      ]
    },
    {
      "module": "module.release_pipeline",
      "mode": "managed",
      "type": "aws_iam_role_policy_attachment",
      "name": "production_primary_deploy",
      "provider": "provider.aws.prd_primary",
      "instances": [
        {
          "schema_version": 0,
          "attributes": {
            "id": "aue1p1z1iroclientnotificationsjobreleasedeploy-20201203140214582200000001",
            "policy_arn": "arn:aws:iam::aws:policy/service-role/AWSCodeDeployRole",
            "role": "aue1p1z1iroclientnotificationsjobreleasedeploy"
          },
          "private": "bnVsbA==",
          "dependencies": [
            "module.release_pipeline.aws_iam_role.production_primary_deploy"
          ]
        }
      ]
    },
    {
      "module": "module.release_pipeline",
      "mode": "managed",
      "type": "aws_iam_role_policy_attachment",
      "name": "production_primary_deploy_build_access",
      "provider": "provider.aws.prd_primary",
      "instances": [
        {
          "schema_version": 0,
          "attributes": {
            "id": "aue1p1z1iroclientnotificationsjobreleasedeploy-20201203140228271500000002",
            "policy_arn": "arn:aws:iam::717545809501:policy/aue1p1z1iplclientnotificationsjobreleasedeploy",
            "role": "aue1p1z1iroclientnotificationsjobreleasedeploy"
          },
          "private": "bnVsbA==",
          "dependencies": [
            "module.primary_bucket.aws_kms_key.code",
            "module.primary_bucket.aws_s3_bucket.code",
            "module.release_pipeline.aws_iam_policy.production_primary_deploy_access",
            "module.release_pipeline.aws_iam_role.production_primary_deploy",
            "module.secondary_bucket.aws_kms_key.code",
            "module.secondary_bucket.aws_s3_bucket.code"
          ]
        }
      ]
    },
    {
      "module": "module.release_pipeline",
      "mode": "managed",
      "type": "aws_iam_role_policy_attachment",
      "name": "production_secondary_deploy",
      "provider": "provider.aws.prd_secondary",
      "instances": [
        {
          "schema_version": 0,
          "attributes": {
            "id": "auw2p1z1iroclientnotificationsjobreleasedeploy-20201203140215553700000001",
            "policy_arn": "arn:aws:iam::aws:policy/service-role/AWSCodeDeployRole",
            "role": "auw2p1z1iroclientnotificationsjobreleasedeploy"
          },
          "private": "bnVsbA==",
          "dependencies": [
            "module.release_pipeline.aws_iam_role.production_secondary_deploy"
          ]
        }
      ]
    },
    {
      "module": "module.release_pipeline",
      "mode": "managed",
      "type": "aws_iam_role_policy_attachment",
      "name": "production_secondary_deploy_build_access",
      "provider": "provider.aws.prd_secondary",
      "instances": [
        {
          "schema_version": 0,
          "attributes": {
            "id": "auw2p1z1iroclientnotificationsjobreleasedeploy-20201203140228319300000002",
            "policy_arn": "arn:aws:iam::717545809501:policy/auw2p1z1iplclientnotificationsjobreleasedeploy",
            "role": "auw2p1z1iroclientnotificationsjobreleasedeploy"
          },
          "private": "bnVsbA==",
          "dependencies": [
            "module.primary_bucket.aws_kms_key.code",
            "module.primary_bucket.aws_s3_bucket.code",
            "module.release_pipeline.aws_iam_policy.production_secondary_deploy_access",
            "module.release_pipeline.aws_iam_role.production_secondary_deploy",
            "module.secondary_bucket.aws_kms_key.code",
            "module.secondary_bucket.aws_s3_bucket.code"
          ]
        }
      ]
    },
    {
      "module": "module.develop_pipeline",
      "mode": "managed",
      "type": "aws_iam_role_policy_attachment",
      "name": "secondary_deploy",
      "provider": "provider.aws.dev_secondary",
      "instances": [
        {
          "schema_version": 0,
          "attributes": {
            "id": "auw2d1z1iroclientnotificationsjobdevelopdeploy-20201203140215587600000001",
            "policy_arn": "arn:aws:iam::aws:policy/service-role/AWSCodeDeployRole",
            "role": "auw2d1z1iroclientnotificationsjobdevelopdeploy"
          },
          "private": "bnVsbA==",
          "dependencies": [
            "module.develop_pipeline.aws_iam_role.secondary_deploy"
          ]
        }
      ]
    },
    {
      "module": "module.develop_pipeline",
      "mode": "managed",
      "type": "aws_iam_role_policy_attachment",
      "name": "secondary_deploy_build_access",
      "provider": "provider.aws.dev_secondary",
      "instances": [
        {
          "schema_version": 0,
          "attributes": {
            "id": "auw2d1z1iroclientnotificationsjobdevelopdeploy-20201203140227664800000002",
            "policy_arn": "arn:aws:iam::714767054201:policy/auw2d1z1iplclientnotificationsjobdevelopdeploy",
            "role": "auw2d1z1iroclientnotificationsjobdevelopdeploy"
          },
          "private": "bnVsbA==",
          "dependencies": [
            "module.develop_pipeline.aws_iam_policy.secondary_deploy_access",
            "module.develop_pipeline.aws_iam_role.secondary_deploy",
            "module.primary_bucket.aws_kms_key.code",
            "module.primary_bucket.aws_s3_bucket.code",
            "module.secondary_bucket.aws_kms_key.code",
            "module.secondary_bucket.aws_s3_bucket.code"
          ]
        }
      ]
    },
    {
      "module": "module.release_pipeline",
      "mode": "managed",
      "type": "aws_iam_role_policy_attachment",
      "name": "test_primary_deploy",
      "provider": "provider.aws.tst_primary",
      "instances": [
        {
          "schema_version": 0,
          "attributes": {
            "id": "aue1t1z1iroclientnotificationsjobreleasedeploy-20201203140215286100000001",
            "policy_arn": "arn:aws:iam::aws:policy/service-role/AWSCodeDeployRole",
            "role": "aue1t1z1iroclientnotificationsjobreleasedeploy"
          },
          "private": "bnVsbA==",
          "dependencies": [
            "module.release_pipeline.aws_iam_role.test_primary_deploy"
          ]
        }
      ]
    },
    {
      "module": "module.release_pipeline",
      "mode": "managed",
      "type": "aws_iam_role_policy_attachment",
      "name": "test_primary_deploy_build_access",
      "provider": "provider.aws.tst_primary",
      "instances": [
        {
          "schema_version": 0,
          "attributes": {
            "id": "aue1t1z1iroclientnotificationsjobreleasedeploy-20201203140227708900000002",
            "policy_arn": "arn:aws:iam::607145767122:policy/aue1t1z1iplclientnotificationsjobreleasedeploy",
            "role": "aue1t1z1iroclientnotificationsjobreleasedeploy"
          },
          "private": "bnVsbA==",
          "dependencies": [
            "module.primary_bucket.aws_kms_key.code",
            "module.primary_bucket.aws_s3_bucket.code",
            "module.release_pipeline.aws_iam_policy.test_primary_deploy_access",
            "module.release_pipeline.aws_iam_role.test_primary_deploy",
            "module.secondary_bucket.aws_kms_key.code",
            "module.secondary_bucket.aws_s3_bucket.code"
          ]
        }
      ]
    },
    {
      "module": "module.release_pipeline",
      "mode": "managed",
      "type": "aws_iam_role_policy_attachment",
      "name": "test_secondary_deploy",
      "provider": "provider.aws.tst_secondary",
      "instances": [
        {
          "schema_version": 0,
          "attributes": {
            "id": "auw2t1z1iroclientnotificationsjobreleasedeploy-20201203140214988900000001",
            "policy_arn": "arn:aws:iam::aws:policy/service-role/AWSCodeDeployRole",
            "role": "auw2t1z1iroclientnotificationsjobreleasedeploy"
          },
          "private": "bnVsbA==",
          "dependencies": [
            "module.release_pipeline.aws_iam_role.test_secondary_deploy"
          ]
        }
      ]
    },
    {
      "module": "module.release_pipeline",
      "mode": "managed",
      "type": "aws_iam_role_policy_attachment",
      "name": "test_secondary_deploy_build_access",
      "provider": "provider.aws.tst_secondary",
      "instances": [
        {
          "schema_version": 0,
          "attributes": {
            "id": "auw2t1z1iroclientnotificationsjobreleasedeploy-20201203140228230600000002",
            "policy_arn": "arn:aws:iam::607145767122:policy/auw2t1z1iplclientnotificationsjobreleasedeploy",
            "role": "auw2t1z1iroclientnotificationsjobreleasedeploy"
          },
          "private": "bnVsbA==",
          "dependencies": [
            "module.primary_bucket.aws_kms_key.code",
            "module.primary_bucket.aws_s3_bucket.code",
            "module.release_pipeline.aws_iam_policy.test_secondary_deploy_access",
            "module.release_pipeline.aws_iam_role.test_secondary_deploy",
            "module.secondary_bucket.aws_kms_key.code",
            "module.secondary_bucket.aws_s3_bucket.code"
          ]
        }
      ]
    },
    {
      "module": "module.primary_bucket",
      "mode": "managed",
      "type": "aws_kms_alias",
      "name": "code",
      "provider": "provider.aws.code_primary",
      "instances": [
        {
          "schema_version": 0,
          "attributes": {
            "arn": "arn:aws:kms:us-east-1:522857095635:alias/aue1c1z1kmkclientnotificationsjob",
            "id": "alias/aue1c1z1kmkclientnotificationsjob",
            "name": "alias/aue1c1z1kmkclientnotificationsjob",
            "name_prefix": null,
            "target_key_arn": "arn:aws:kms:us-east-1:522857095635:key/8e6c7ecf-3302-43cc-8171-23201703af5b",
            "target_key_id": "8e6c7ecf-3302-43cc-8171-23201703af5b"
          },
          "private": "bnVsbA==",
          "dependencies": [
            "module.primary_bucket.aws_kms_key.code"
          ]
        }
      ]
    },
    {
      "module": "module.secondary_bucket",
      "mode": "managed",
      "type": "aws_kms_alias",
      "name": "code",
      "provider": "provider.aws.code_secondary",
      "instances": [
        {
          "schema_version": 0,
          "attributes": {
            "arn": "arn:aws:kms:us-west-2:522857095635:alias/auw2c1z1kmkclientnotificationsjob",
            "id": "alias/auw2c1z1kmkclientnotificationsjob",
            "name": "alias/auw2c1z1kmkclientnotificationsjob",
            "name_prefix": null,
            "target_key_arn": "arn:aws:kms:us-west-2:522857095635:key/cf77878b-34ce-4e56-806d-f4b1f4398879",
            "target_key_id": "cf77878b-34ce-4e56-806d-f4b1f4398879"
          },
          "private": "bnVsbA==",
          "dependencies": [
            "module.secondary_bucket.aws_kms_key.code"
          ]
        }
      ]
    },
    {
      "module": "module.primary_bucket",
      "mode": "managed",
      "type": "aws_kms_key",
      "name": "code",
      "provider": "provider.aws.code_primary",
      "instances": [
        {
          "schema_version": 0,
          "attributes": {
            "arn": "arn:aws:kms:us-east-1:522857095635:key/8e6c7ecf-3302-43cc-8171-23201703af5b",
            "customer_master_key_spec": "SYMMETRIC_DEFAULT",
            "deletion_window_in_days": 10,
            "description": "This key is used to encrypt bucket objects",
            "enable_key_rotation": false,
            "id": "8e6c7ecf-3302-43cc-8171-23201703af5b",
            "is_enabled": true,
            "key_id": "8e6c7ecf-3302-43cc-8171-23201703af5b",
            "key_usage": "ENCRYPT_DECRYPT",
            "policy": "{\"Statement\":[{\"Action\":\"kms:Decrypt\",\"Effect\":\"Allow\",\"Principal\":{\"AWS\":[\"arn:aws:iam::607145767122:root\",\"arn:aws:iam::293341091939:root\",\"arn:aws:iam::717545809501:root\",\"arn:aws:iam::714767054201:root\"]},\"Resource\":\"*\",\"Sid\":\"\"},{\"Action\":[\"kms:ReEncrypt*\",\"kms:GenerateDataKey*\",\"kms:DescribeKey\",\"kms:Decrypt\"],\"Condition\":{\"StringEquals\":{\"kms:CallerAccount\":\"522857095635\",\"kms:ViaService\":\"s3.us-east-1.amazonaws.com\"}},\"Effect\":\"Allow\",\"Principal\":{\"AWS\":[\"arn:aws:iam::607145767122:root\",\"arn:aws:iam::293341091939:root\",\"arn:aws:iam::717545809501:root\",\"arn:aws:iam::714767054201:root\"]},\"Resource\":\"*\",\"Sid\":\"\"},{\"Action\":\"kms:*\",\"Effect\":\"Allow\",\"Principal\":{\"AWS\":\"arn:aws:iam::522857095635:root\"},\"Resource\":\"*\",\"Sid\":\"\"}],\"Version\":\"2012-10-17\"}",
            "tags": null
          },
          "private": "bnVsbA=="
        }
      ]
    },
    {
      "module": "module.secondary_bucket",
      "mode": "managed",
      "type": "aws_kms_key",
      "name": "code",
      "provider": "provider.aws.code_secondary",
      "instances": [
        {
          "schema_version": 0,
          "attributes": {
            "arn": "arn:aws:kms:us-west-2:522857095635:key/cf77878b-34ce-4e56-806d-f4b1f4398879",
            "customer_master_key_spec": "SYMMETRIC_DEFAULT",
            "deletion_window_in_days": 10,
            "description": "This key is used to encrypt bucket objects",
            "enable_key_rotation": false,
            "id": "cf77878b-34ce-4e56-806d-f4b1f4398879",
            "is_enabled": true,
            "key_id": "cf77878b-34ce-4e56-806d-f4b1f4398879",
            "key_usage": "ENCRYPT_DECRYPT",
            "policy": "{\"Statement\":[{\"Action\":\"kms:Decrypt\",\"Effect\":\"Allow\",\"Principal\":{\"AWS\":[\"arn:aws:iam::717545809501:root\",\"arn:aws:iam::714767054201:root\",\"arn:aws:iam::293341091939:root\",\"arn:aws:iam::607145767122:root\"]},\"Resource\":\"*\",\"Sid\":\"\"},{\"Action\":[\"kms:ReEncrypt*\",\"kms:GenerateDataKey*\",\"kms:DescribeKey\",\"kms:Decrypt\"],\"Condition\":{\"StringEquals\":{\"kms:CallerAccount\":\"522857095635\",\"kms:ViaService\":\"s3.us-west-2.amazonaws.com\"}},\"Effect\":\"Allow\",\"Principal\":{\"AWS\":[\"arn:aws:iam::717545809501:root\",\"arn:aws:iam::714767054201:root\",\"arn:aws:iam::293341091939:root\",\"arn:aws:iam::607145767122:root\"]},\"Resource\":\"*\",\"Sid\":\"\"},{\"Action\":\"kms:*\",\"Effect\":\"Allow\",\"Principal\":{\"AWS\":\"arn:aws:iam::522857095635:root\"},\"Resource\":\"*\",\"Sid\":\"\"}],\"Version\":\"2012-10-17\"}",
            "tags": null
          },
          "private": "bnVsbA=="
        }
      ]
    },
    {
      "module": "module.primary_bucket",
      "mode": "managed",
      "type": "aws_s3_bucket",
      "name": "code",
      "provider": "provider.aws.code_primary",
      "instances": [
        {
          "schema_version": 0,
          "attributes": {
            "acceleration_status": "",
            "acl": "private",
            "arn": "arn:aws:s3:::aue1c1z1s3bclientnotificationsjob",
            "bucket": "aue1c1z1s3bclientnotificationsjob",
            "bucket_domain_name": "aue1c1z1s3bclientnotificationsjob.s3.amazonaws.com",
            "bucket_prefix": null,
            "bucket_regional_domain_name": "aue1c1z1s3bclientnotificationsjob.s3.amazonaws.com",
            "cors_rule": [],
            "force_destroy": true,
            "grant": [],
            "hosted_zone_id": "Z3AQBSTGFYJSTF",
            "id": "aue1c1z1s3bclientnotificationsjob",
            "lifecycle_rule": [],
            "logging": [],
            "object_lock_configuration": [],
            "policy": null,
            "region": "us-east-1",
            "replication_configuration": [],
            "request_payer": "BucketOwner",
            "server_side_encryption_configuration": [
              {
                "rule": [
                  {
                    "apply_server_side_encryption_by_default": [
                      {
                        "kms_master_key_id": "arn:aws:kms:us-east-1:522857095635:key/8e6c7ecf-3302-43cc-8171-23201703af5b",
                        "sse_algorithm": "aws:kms"
                      }
                    ]
                  }
                ]
              }
            ],
            "tags": {
              "Name": "aue1c1z1s3bclientnotificationsjob",
              "app": "dotnet",
              "creation_app": "terraform",
              "env": "c1",
              "ledger": "unknown",
              "site": "aue1",
              "tier": "clientnotificationsjob",
              "zone": "z1"
            },
            "versioning": [
              {
                "enabled": false,
                "mfa_delete": false
              }
            ],
            "website": [],
            "website_domain": null,
            "website_endpoint": null
          },
          "private": "bnVsbA==",
          "dependencies": [
            "module.primary_bucket.aws_kms_key.code"
          ]
        }
      ]
    },
    {
      "module": "module.secondary_bucket",
      "mode": "managed",
      "type": "aws_s3_bucket",
      "name": "code",
      "provider": "provider.aws.code_secondary",
      "instances": [
        {
          "schema_version": 0,
          "attributes": {
            "acceleration_status": "",
            "acl": "private",
            "arn": "arn:aws:s3:::auw2c1z1s3bclientnotificationsjob",
            "bucket": "auw2c1z1s3bclientnotificationsjob",
            "bucket_domain_name": "auw2c1z1s3bclientnotificationsjob.s3.amazonaws.com",
            "bucket_prefix": null,
            "bucket_regional_domain_name": "auw2c1z1s3bclientnotificationsjob.s3.us-west-2.amazonaws.com",
            "cors_rule": [],
            "force_destroy": true,
            "grant": [],
            "hosted_zone_id": "Z3BJ6K6RIION7M",
            "id": "auw2c1z1s3bclientnotificationsjob",
            "lifecycle_rule": [],
            "logging": [],
            "object_lock_configuration": [],
            "policy": null,
            "region": "us-west-2",
            "replication_configuration": [],
            "request_payer": "BucketOwner",
            "server_side_encryption_configuration": [
              {
                "rule": [
                  {
                    "apply_server_side_encryption_by_default": [
                      {
                        "kms_master_key_id": "arn:aws:kms:us-west-2:522857095635:key/cf77878b-34ce-4e56-806d-f4b1f4398879",
                        "sse_algorithm": "aws:kms"
                      }
                    ]
                  }
                ]
              }
            ],
            "tags": {
              "Name": "auw2c1z1s3bclientnotificationsjob",
              "app": "dotnet",
              "creation_app": "terraform",
              "env": "c1",
              "ledger": "unknown",
              "site": "auw2",
              "tier": "clientnotificationsjob",
              "zone": "z1"
            },
            "versioning": [
              {
                "enabled": false,
                "mfa_delete": false
              }
            ],
            "website": [],
            "website_domain": null,
            "website_endpoint": null
          },
          "private": "bnVsbA==",
          "dependencies": [
            "module.secondary_bucket.aws_kms_key.code"
          ]
        }
      ]
    },
    {
      "module": "module.primary_bucket",
      "mode": "managed",
      "type": "aws_s3_bucket_policy",
      "name": "code",
      "provider": "provider.aws.code_primary",
      "instances": [
        {
          "schema_version": 0,
          "attributes": {
            "bucket": "aue1c1z1s3bclientnotificationsjob",
            "id": "aue1c1z1s3bclientnotificationsjob",
            "policy": "{\n  \"Version\": \"2012-10-17\",\n  \"Statement\": [\n    {\n      \"Sid\": \"\",\n      \"Effect\": \"Deny\",\n      \"Action\": \"s3:*\",\n      \"Resource\": [\n        \"arn:aws:s3:::aue1c1z1s3bclientnotificationsjob/*\",\n        \"arn:aws:s3:::aue1c1z1s3bclientnotificationsjob\"\n      ],\n      \"Principal\": \"*\",\n      \"Condition\": {\n        \"Bool\": {\n          \"aws:SecureTransport\": \"false\"\n        }\n      }\n    },\n    {\n      \"Sid\": \"\",\n      \"Effect\": \"Allow\",\n      \"Action\": [\n        \"s3:List*\",\n        \"s3:Get*\"\n      ],\n      \"Resource\": [\n        \"arn:aws:s3:::aue1c1z1s3bclientnotificationsjob/*\",\n        \"arn:aws:s3:::aue1c1z1s3bclientnotificationsjob\"\n      ],\n      \"Principal\": {\n        \"AWS\": [\n          \"arn:aws:iam::717545809501:root\",\n          \"arn:aws:iam::714767054201:root\",\n          \"arn:aws:iam::607145767122:root\",\n          \"arn:aws:iam::293341091939:root\"\n        ]\n      }\n    }\n  ]\n}"
          },
          "private": "bnVsbA==",
          "dependencies": [
            "module.primary_bucket.aws_kms_key.code",
            "module.primary_bucket.aws_s3_bucket.code"
          ]
        }
      ]
    },
    {
      "module": "module.secondary_bucket",
      "mode": "managed",
      "type": "aws_s3_bucket_policy",
      "name": "code",
      "provider": "provider.aws.code_secondary",
      "instances": [
        {
          "schema_version": 0,
          "attributes": {
            "bucket": "auw2c1z1s3bclientnotificationsjob",
            "id": "auw2c1z1s3bclientnotificationsjob",
            "policy": "{\n  \"Version\": \"2012-10-17\",\n  \"Statement\": [\n    {\n      \"Sid\": \"\",\n      \"Effect\": \"Deny\",\n      \"Action\": \"s3:*\",\n      \"Resource\": [\n        \"arn:aws:s3:::auw2c1z1s3bclientnotificationsjob/*\",\n        \"arn:aws:s3:::auw2c1z1s3bclientnotificationsjob\"\n      ],\n      \"Principal\": \"*\",\n      \"Condition\": {\n        \"Bool\": {\n          \"aws:SecureTransport\": \"false\"\n        }\n      }\n    },\n    {\n      \"Sid\": \"\",\n      \"Effect\": \"Allow\",\n      \"Action\": [\n        \"s3:List*\",\n        \"s3:Get*\"\n      ],\n      \"Resource\": [\n        \"arn:aws:s3:::auw2c1z1s3bclientnotificationsjob/*\",\n        \"arn:aws:s3:::auw2c1z1s3bclientnotificationsjob\"\n      ],\n      \"Principal\": {\n        \"AWS\": [\n          \"arn:aws:iam::717545809501:root\",\n          \"arn:aws:iam::714767054201:root\",\n          \"arn:aws:iam::607145767122:root\",\n          \"arn:aws:iam::293341091939:root\"\n        ]\n      }\n    }\n  ]\n}"
          },
          "private": "bnVsbA==",
          "dependencies": [
            "module.secondary_bucket.aws_kms_key.code",
            "module.secondary_bucket.aws_s3_bucket.code"
          ]
        }
      ]
    },
    {
      "module": "module.develop_pipeline",
      "mode": "managed",
      "type": "random_string",
      "name": "develop_webhook",
      "provider": "provider.random",
      "instances": [
        {
          "schema_version": 1,
          "attributes": {
            "id": "PVmUdx2FV5myVSkN0C7LjYs6k1M402ytt7smq7EAwwLvEVAtKX",
            "keepers": null,
            "length": 50,
            "lower": true,
            "min_lower": 0,
            "min_numeric": 0,
            "min_special": 0,
            "min_upper": 0,
            "number": true,
            "override_special": null,
            "result": "PVmUdx2FV5myVSkN0C7LjYs6k1M402ytt7smq7EAwwLvEVAtKX",
            "special": false,
            "upper": true
          },
          "private": "eyJzY2hlbWFfdmVyc2lvbiI6IjEifQ=="
        }
      ]
    },
    {
      "module": "module.release_pipeline",
      "mode": "managed",
      "type": "random_string",
      "name": "develop_webhook",
      "provider": "provider.random",
      "instances": [
        {
          "schema_version": 1,
          "attributes": {
            "id": "Knj3aKeyn5ETBpFBeMjli9FtmuFRSxE30lH82Jo8eR4X1eb2de",
            "keepers": null,
            "length": 50,
            "lower": true,
            "min_lower": 0,
            "min_numeric": 0,
            "min_special": 0,
            "min_upper": 0,
            "number": true,
            "override_special": null,
            "result": "Knj3aKeyn5ETBpFBeMjli9FtmuFRSxE30lH82Jo8eR4X1eb2de",
            "special": false,
            "upper": true
          },
          "private": "eyJzY2hlbWFfdmVyc2lvbiI6IjEifQ=="
        }
      ]
    }
  ]
}
